// !$*UTF8*$!
{
	archiveVersion = 1;
	classes = {
	};
	objectVersion = 48;
	objects = {

/* Begin PBXBuildFile section */
		0A15B5FA2052AFE60023D108 /* TAFavouriteVideoVC.swift in Sources */ = {isa = PBXBuildFile; fileRef = 0A15B5F92052AFE60023D108 /* TAFavouriteVideoVC.swift */; };
		0A162AA820497F4C003AF0F9 /* TAJingHuaItemView.swift in Sources */ = {isa = PBXBuildFile; fileRef = 0A162AA720497F4C003AF0F9 /* TAJingHuaItemView.swift */; };
		0A162AAA20498E37003AF0F9 /* TAHomeVideoCell.swift in Sources */ = {isa = PBXBuildFile; fileRef = 0A162AA920498E37003AF0F9 /* TAHomeVideoCell.swift */; };
		0A162AAE2049982B003AF0F9 /* TAImgAndTxtBtnView.swift in Sources */ = {isa = PBXBuildFile; fileRef = 0A162AAD2049982B003AF0F9 /* TAImgAndTxtBtnView.swift */; };
		0A17A9EB20516879003F1E30 /* TAFuDaoHeaderView.swift in Sources */ = {isa = PBXBuildFile; fileRef = 0A17A9EA20516879003F1E30 /* TAFuDaoHeaderView.swift */; };
		0A17A9F4205183E9003F1E30 /* TAWuDaoVC.swift in Sources */ = {isa = PBXBuildFile; fileRef = 0A17A9F3205183E9003F1E30 /* TAWuDaoVC.swift */; };
		0A17A9F6205185ED003F1E30 /* TALiuXueVC.swift in Sources */ = {isa = PBXBuildFile; fileRef = 0A17A9F5205185ED003F1E30 /* TALiuXueVC.swift */; };
		0A17A9F8205187C5003F1E30 /* TAShuHuaVC.swift in Sources */ = {isa = PBXBuildFile; fileRef = 0A17A9F7205187C5003F1E30 /* TAShuHuaVC.swift */; };
		0A17A9FA2051882A003F1E30 /* TATiYuVC.swift in Sources */ = {isa = PBXBuildFile; fileRef = 0A17A9F92051882A003F1E30 /* TATiYuVC.swift */; };
		0A17A9FC205188C0003F1E30 /* TAMusicVC.swift in Sources */ = {isa = PBXBuildFile; fileRef = 0A17A9FB205188C0003F1E30 /* TAMusicVC.swift */; };
		0A17A9FE2051891B003F1E30 /* TAZaoJiaoVC.swift in Sources */ = {isa = PBXBuildFile; fileRef = 0A17A9FD2051891B003F1E30 /* TAZaoJiaoVC.swift */; };
		0A17AA0020518961003F1E30 /* TAOtherVC.swift in Sources */ = {isa = PBXBuildFile; fileRef = 0A17A9FF20518961003F1E30 /* TAOtherVC.swift */; };
		0A314869205761AE009E1986 /* TAModifyFontVC.swift in Sources */ = {isa = PBXBuildFile; fileRef = 0A314868205761AE009E1986 /* TAModifyFontVC.swift */; };
		0A31486B2057A481009E1986 /* TAFriendsHeaderView.swift in Sources */ = {isa = PBXBuildFile; fileRef = 0A31486A2057A481009E1986 /* TAFriendsHeaderView.swift */; };
		0A31486D2057AF77009E1986 /* TAFriendsCell.swift in Sources */ = {isa = PBXBuildFile; fileRef = 0A31486C2057AF77009E1986 /* TAFriendsCell.swift */; };
		0A4B24B0204ADFDA0069BB99 /* mineMenuData.plist in Resources */ = {isa = PBXBuildFile; fileRef = 0A4B24AF204ADFDA0069BB99 /* mineMenuData.plist */; };
		0A4B24B2204AE4040069BB99 /* TAMineFuncCell.swift in Sources */ = {isa = PBXBuildFile; fileRef = 0A4B24B1204AE4040069BB99 /* TAMineFuncCell.swift */; };
		0A4B24B4204AEBB00069BB99 /* TAMyKeChengVC.swift in Sources */ = {isa = PBXBuildFile; fileRef = 0A4B24B3204AEBB00069BB99 /* TAMyKeChengVC.swift */; };
		0A4DE2742056C7080019FAAA /* TASettingPwdVC.swift in Sources */ = {isa = PBXBuildFile; fileRef = 0A4DE2732056C7080019FAAA /* TASettingPwdVC.swift */; };
		0A4DE2762056CBF50019FAAA /* TAModifyPhoneVC.swift in Sources */ = {isa = PBXBuildFile; fileRef = 0A4DE2752056CBF50019FAAA /* TAModifyPhoneVC.swift */; };
		0A4DE2782056CF7B0019FAAA /* TAInputPhoneVC.swift in Sources */ = {isa = PBXBuildFile; fileRef = 0A4DE2772056CF7B0019FAAA /* TAInputPhoneVC.swift */; };
		0A4DE27A2056D1ED0019FAAA /* TASettingEmailVC.swift in Sources */ = {isa = PBXBuildFile; fileRef = 0A4DE2792056D1ED0019FAAA /* TASettingEmailVC.swift */; };
		0A4DE27E2056D3D70019FAAA /* TAInputEmailVC.swift in Sources */ = {isa = PBXBuildFile; fileRef = 0A4DE27D2056D3D70019FAAA /* TAInputEmailVC.swift */; };
		0A4DE2802056D76C0019FAAA /* TABindAccountVC.swift in Sources */ = {isa = PBXBuildFile; fileRef = 0A4DE27F2056D76C0019FAAA /* TABindAccountVC.swift */; };
		0A7495FC2050BFFF0036C6F7 /* TAStudyProcessingCell.swift in Sources */ = {isa = PBXBuildFile; fileRef = 0A7495FB2050BFFF0036C6F7 /* TAStudyProcessingCell.swift */; };
		0A7495FE2050C64E0036C6F7 /* TAStudyRecordVC.swift in Sources */ = {isa = PBXBuildFile; fileRef = 0A7495FD2050C64E0036C6F7 /* TAStudyRecordVC.swift */; };
		0A7496002050C73F0036C6F7 /* TAStudyRecordHeaderView.swift in Sources */ = {isa = PBXBuildFile; fileRef = 0A7495FF2050C73F0036C6F7 /* TAStudyRecordHeaderView.swift */; };
		0A7496022050CD9F0036C6F7 /* TASampleTableHeaderView.swift in Sources */ = {isa = PBXBuildFile; fileRef = 0A7496012050CD9F0036C6F7 /* TASampleTableHeaderView.swift */; };
		0A7496042050E3CA0036C6F7 /* TACommentCell.swift in Sources */ = {isa = PBXBuildFile; fileRef = 0A7496032050E3CA0036C6F7 /* TACommentCell.swift */; };
		0A7496062050E5850036C6F7 /* GYZPhotoView.swift in Sources */ = {isa = PBXBuildFile; fileRef = 0A7496052050E5850036C6F7 /* GYZPhotoView.swift */; };
		0A7496082051092B0036C6F7 /* GYZImgLeftAndTxtRightView.swift in Sources */ = {isa = PBXBuildFile; fileRef = 0A7496072051092B0036C6F7 /* GYZImgLeftAndTxtRightView.swift */; };
		0A74960A2051144D0036C6F7 /* TACommentHeaderView.swift in Sources */ = {isa = PBXBuildFile; fileRef = 0A7496092051144D0036C6F7 /* TACommentHeaderView.swift */; };
		0A74960C205116C20036C6F7 /* TACommentGroupCell.swift in Sources */ = {isa = PBXBuildFile; fileRef = 0A74960B205116C20036C6F7 /* TACommentGroupCell.swift */; };
		0A74960E20511D060036C6F7 /* TACommentGroupChildCell.swift in Sources */ = {isa = PBXBuildFile; fileRef = 0A74960D20511D060036C6F7 /* TACommentGroupChildCell.swift */; };
		0A749610205129A80036C6F7 /* TAFuDaoVC.swift in Sources */ = {isa = PBXBuildFile; fileRef = 0A74960F205129A80036C6F7 /* TAFuDaoVC.swift */; };
		0A74961220512DD20036C6F7 /* TAFuDaoCell.swift in Sources */ = {isa = PBXBuildFile; fileRef = 0A74961120512DD20036C6F7 /* TAFuDaoCell.swift */; };
		0A7772D4204FC66C00FC0065 /* TAMyBusinessVC.swift in Sources */ = {isa = PBXBuildFile; fileRef = 0A7772D3204FC66C00FC0065 /* TAMyBusinessVC.swift */; };
		0A7772D6204FC79000FC0065 /* GYZLabAndFieldView.swift in Sources */ = {isa = PBXBuildFile; fileRef = 0A7772D5204FC79000FC0065 /* GYZLabAndFieldView.swift */; };
		0A7E70352048EFEC007A05BD /* TAHomeNavigationView.swift in Sources */ = {isa = PBXBuildFile; fileRef = 0A7E70342048EFEC007A05BD /* TAHomeNavigationView.swift */; };
		0A7E703B2049298A007A05BD /* ZCycleView.swift in Sources */ = {isa = PBXBuildFile; fileRef = 0A7E70372049298A007A05BD /* ZCycleView.swift */; };
		0A7E703C2049298A007A05BD /* ZCycleViewCell.swift in Sources */ = {isa = PBXBuildFile; fileRef = 0A7E70382049298A007A05BD /* ZCycleViewCell.swift */; };
		0A7E703D2049298A007A05BD /* ZCycleLayout.swift in Sources */ = {isa = PBXBuildFile; fileRef = 0A7E70392049298A007A05BD /* ZCycleLayout.swift */; };
		0A7E703E2049298A007A05BD /* ZPageControl.swift in Sources */ = {isa = PBXBuildFile; fileRef = 0A7E703A2049298A007A05BD /* ZPageControl.swift */; };
		0A7E704020492BC3007A05BD /* TAHomeVideoVC.swift in Sources */ = {isa = PBXBuildFile; fileRef = 0A7E703F20492BC3007A05BD /* TAHomeVideoVC.swift */; };
		0A7E704220492C86007A05BD /* TAHomeJingHuaVC.swift in Sources */ = {isa = PBXBuildFile; fileRef = 0A7E704120492C86007A05BD /* TAHomeJingHuaVC.swift */; };
		0A7E704420492CB1007A05BD /* TAHomeCommentVC.swift in Sources */ = {isa = PBXBuildFile; fileRef = 0A7E704320492CB1007A05BD /* TAHomeCommentVC.swift */; };
		0A7E7046204935C4007A05BD /* TAHomeMenuCell.swift in Sources */ = {isa = PBXBuildFile; fileRef = 0A7E7045204935C4007A05BD /* TAHomeMenuCell.swift */; };
		0A7E704C204936E4007A05BD /* TAFuncModelView.swift in Sources */ = {isa = PBXBuildFile; fileRef = 0A7E704B204936E4007A05BD /* TAFuncModelView.swift */; };
		0A7E704E204939E8007A05BD /* TABaseModel.swift in Sources */ = {isa = PBXBuildFile; fileRef = 0A7E704D204939E8007A05BD /* TABaseModel.swift */; };
		0A7E705020493A3C007A05BD /* TAHomeFuncModel.swift in Sources */ = {isa = PBXBuildFile; fileRef = 0A7E704F20493A3C007A05BD /* TAHomeFuncModel.swift */; };
		0A7E7052204945A0007A05BD /* TAJingHuaHeaderView.swift in Sources */ = {isa = PBXBuildFile; fileRef = 0A7E7051204945A0007A05BD /* TAJingHuaHeaderView.swift */; };
		0A7E705420494A80007A05BD /* TAJingHuaCell.swift in Sources */ = {isa = PBXBuildFile; fileRef = 0A7E705320494A80007A05BD /* TAJingHuaCell.swift */; };
		0A80638B204CF3E2001E5233 /* TAMineUserHeaderView.swift in Sources */ = {isa = PBXBuildFile; fileRef = 0A80638A204CF3E2001E5233 /* TAMineUserHeaderView.swift */; };
		0A80638D204CF57F001E5233 /* GYZBaseWhiteNavVC.swift in Sources */ = {isa = PBXBuildFile; fileRef = 0A80638C204CF57F001E5233 /* GYZBaseWhiteNavVC.swift */; };
		0A80638F204CF644001E5233 /* TACollectionBlankFooterView.swift in Sources */ = {isa = PBXBuildFile; fileRef = 0A80638E204CF644001E5233 /* TACollectionBlankFooterView.swift */; };
		0A806391204D162F001E5233 /* TAMyKeChengCell.swift in Sources */ = {isa = PBXBuildFile; fileRef = 0A806390204D162F001E5233 /* TAMyKeChengCell.swift */; };
		0A806393204D27DE001E5233 /* TAMyKeChengDetailVC.swift in Sources */ = {isa = PBXBuildFile; fileRef = 0A806392204D27DE001E5233 /* TAMyKeChengDetailVC.swift */; };
		0A83CA52204E7E7500F0E20D /* TAMyGroupVC.swift in Sources */ = {isa = PBXBuildFile; fileRef = 0A83CA51204E7E7500F0E20D /* TAMyGroupVC.swift */; };
		0A83CA54204E805B00F0E20D /* TAMyGroupCell.swift in Sources */ = {isa = PBXBuildFile; fileRef = 0A83CA53204E805B00F0E20D /* TAMyGroupCell.swift */; };
		0A83CA56204E831400F0E20D /* TAMyYouHuiVC.swift in Sources */ = {isa = PBXBuildFile; fileRef = 0A83CA55204E831400F0E20D /* TAMyYouHuiVC.swift */; };
		0A83CA58204E83A900F0E20D /* TAMyYouHuiCell.swift in Sources */ = {isa = PBXBuildFile; fileRef = 0A83CA57204E83A900F0E20D /* TAMyYouHuiCell.swift */; };
		0A933F532058BD820082540E /* TAFriendHomeVC.swift in Sources */ = {isa = PBXBuildFile; fileRef = 0A933F522058BD820082540E /* TAFriendHomeVC.swift */; };
		0A933F552058CB8F0082540E /* TAFriendsHomeHeaderView.swift in Sources */ = {isa = PBXBuildFile; fileRef = 0A933F542058CB8F0082540E /* TAFriendsHomeHeaderView.swift */; };
		0A933F572058F3CA0082540E /* TAScrollPageBaseVC.swift in Sources */ = {isa = PBXBuildFile; fileRef = 0A933F562058F3CA0082540E /* TAScrollPageBaseVC.swift */; };
		0A933F592058F4980082540E /* TAFriendHomeDynamicVC.swift in Sources */ = {isa = PBXBuildFile; fileRef = 0A933F582058F4980082540E /* TAFriendHomeDynamicVC.swift */; };
		0A9A611A2052230C00B7D28D /* TAForgetPwdVC.swift in Sources */ = {isa = PBXBuildFile; fileRef = 0A9A61192052230C00B7D28D /* TAForgetPwdVC.swift */; };
		0A9A611E20526C4800B7D28D /* TAFavouriteTuWenVC.swift in Sources */ = {isa = PBXBuildFile; fileRef = 0A9A611D20526C4800B7D28D /* TAFavouriteTuWenVC.swift */; };
		0A9A612020526D7800B7D28D /* TAFavouriteVideoCell.swift in Sources */ = {isa = PBXBuildFile; fileRef = 0A9A611F20526D7800B7D28D /* TAFavouriteVideoCell.swift */; };
		0A9A6122205273B200B7D28D /* TAFavouriteVideoChildCell.swift in Sources */ = {isa = PBXBuildFile; fileRef = 0A9A6121205273B200B7D28D /* TAFavouriteVideoChildCell.swift */; };
		0A9DCA0A205654B000E841C1 /* TACustomTabBar.swift in Sources */ = {isa = PBXBuildFile; fileRef = 0A9DCA09205654B000E841C1 /* TACustomTabBar.swift */; };
		0A9DCA0C2056792200E841C1 /* TASettingVC.swift in Sources */ = {isa = PBXBuildFile; fileRef = 0A9DCA0B2056792200E841C1 /* TASettingVC.swift */; };
		0A9DCA0E20567A4B00E841C1 /* TACommonCell.swift in Sources */ = {isa = PBXBuildFile; fileRef = 0A9DCA0D20567A4B00E841C1 /* TACommonCell.swift */; };
		0A9DCA1020567BD900E841C1 /* TASettingCell.swift in Sources */ = {isa = PBXBuildFile; fileRef = 0A9DCA0F20567BD900E841C1 /* TASettingCell.swift */; };
		0A9DCA122056934B00E841C1 /* TASettingAutoPlayVC.swift in Sources */ = {isa = PBXBuildFile; fileRef = 0A9DCA112056934A00E841C1 /* TASettingAutoPlayVC.swift */; };
		0A9DCA142056957200E841C1 /* TASettingAuToPlayCell.swift in Sources */ = {isa = PBXBuildFile; fileRef = 0A9DCA132056957200E841C1 /* TASettingAuToPlayCell.swift */; };
		0A9DCA1620569AAB00E841C1 /* TAAccountAndSafeVC.swift in Sources */ = {isa = PBXBuildFile; fileRef = 0A9DCA1520569AAB00E841C1 /* TAAccountAndSafeVC.swift */; };
		0A9DCA182056A0F700E841C1 /* TAPwdConfirmCodeVC.swift in Sources */ = {isa = PBXBuildFile; fileRef = 0A9DCA172056A0F700E841C1 /* TAPwdConfirmCodeVC.swift */; };
		0AA5C98E20441CFB00768B38 /* AppDelegate.swift in Sources */ = {isa = PBXBuildFile; fileRef = 0AA5C98D20441CFB00768B38 /* AppDelegate.swift */; };
		0AA5C99020441CFB00768B38 /* ViewController.swift in Sources */ = {isa = PBXBuildFile; fileRef = 0AA5C98F20441CFB00768B38 /* ViewController.swift */; };
		0AA5C99320441CFB00768B38 /* Main.storyboard in Resources */ = {isa = PBXBuildFile; fileRef = 0AA5C99120441CFB00768B38 /* Main.storyboard */; };
		0AA5C99520441CFB00768B38 /* Assets.xcassets in Resources */ = {isa = PBXBuildFile; fileRef = 0AA5C99420441CFB00768B38 /* Assets.xcassets */; };
		0AA5C99820441CFB00768B38 /* LaunchScreen.storyboard in Resources */ = {isa = PBXBuildFile; fileRef = 0AA5C99620441CFB00768B38 /* LaunchScreen.storyboard */; };
		0AA5C9A320441CFB00768B38 /* TuAiTests.swift in Sources */ = {isa = PBXBuildFile; fileRef = 0AA5C9A220441CFB00768B38 /* TuAiTests.swift */; };
		0AA5C9AE20441CFB00768B38 /* TuAiUITests.swift in Sources */ = {isa = PBXBuildFile; fileRef = 0AA5C9AD20441CFB00768B38 /* TuAiUITests.swift */; };
		0AA5C9FA204421B500768B38 /* menuData.plist in Resources */ = {isa = PBXBuildFile; fileRef = 0AA5C9D1204421B500768B38 /* menuData.plist */; };
		0AA5C9FB204421B500768B38 /* GYZMainTabBarVC.swift in Sources */ = {isa = PBXBuildFile; fileRef = 0AA5C9D3204421B500768B38 /* GYZMainTabBarVC.swift */; };
		0AA5C9FC204421B500768B38 /* GYZBaseNavigationVC.swift in Sources */ = {isa = PBXBuildFile; fileRef = 0AA5C9D4204421B500768B38 /* GYZBaseNavigationVC.swift */; };
		0AA5C9FD204421B500768B38 /* GYZBaseVC.swift in Sources */ = {isa = PBXBuildFile; fileRef = 0AA5C9D5204421B500768B38 /* GYZBaseVC.swift */; };
		0AA5C9FE204421B500768B38 /* GYZLoginVC.swift in Sources */ = {isa = PBXBuildFile; fileRef = 0AA5C9D8204421B500768B38 /* GYZLoginVC.swift */; };
		0AA5C9FF204421B500768B38 /* GYZLoginInputView.swift in Sources */ = {isa = PBXBuildFile; fileRef = 0AA5C9DB204421B500768B38 /* GYZLoginInputView.swift */; };
		0AA5CA4E2044237E00768B38 /* GYZUIView+Extension.swift in Sources */ = {isa = PBXBuildFile; fileRef = 0AA5CA182044237E00768B38 /* GYZUIView+Extension.swift */; };
		0AA5CA4F2044237E00768B38 /* ETNavBarTransparent.swift in Sources */ = {isa = PBXBuildFile; fileRef = 0AA5CA192044237E00768B38 /* ETNavBarTransparent.swift */; };
		0AA5CA502044237E00768B38 /* GYZUIButton+Extension.swift in Sources */ = {isa = PBXBuildFile; fileRef = 0AA5CA1A2044237E00768B38 /* GYZUIButton+Extension.swift */; };
		0AA5CA512044237E00768B38 /* GYZUIImage+Extension.swift in Sources */ = {isa = PBXBuildFile; fileRef = 0AA5CA1B2044237E00768B38 /* GYZUIImage+Extension.swift */; };
		0AA5CA522044237E00768B38 /* MBProgressHUD+Extension.swift in Sources */ = {isa = PBXBuildFile; fileRef = 0AA5CA1C2044237E00768B38 /* MBProgressHUD+Extension.swift */; };
		0AA5CA532044237E00768B38 /* GYZString+Extension.swift in Sources */ = {isa = PBXBuildFile; fileRef = 0AA5CA1D2044237E00768B38 /* GYZString+Extension.swift */; };
		0AA5CA542044237E00768B38 /* GYZUIColor+Extension.swift in Sources */ = {isa = PBXBuildFile; fileRef = 0AA5CA1E2044237E00768B38 /* GYZUIColor+Extension.swift */; };
		0AA5CA552044237E00768B38 /* GYZUIViewControl+Empty.swift in Sources */ = {isa = PBXBuildFile; fileRef = 0AA5CA1F2044237E00768B38 /* GYZUIViewControl+Empty.swift */; };
		0AA5CA562044237E00768B38 /* GYZDate+Extension.swift in Sources */ = {isa = PBXBuildFile; fileRef = 0AA5CA202044237E00768B38 /* GYZDate+Extension.swift */; };
		0AA5CA572044237E00768B38 /* GYZUIViewController+Loading.swift in Sources */ = {isa = PBXBuildFile; fileRef = 0AA5CA212044237E00768B38 /* GYZUIViewController+Loading.swift */; };
		0AA5CA582044237E00768B38 /* GYZEmptyView.swift in Sources */ = {isa = PBXBuildFile; fileRef = 0AA5CA232044237E00768B38 /* GYZEmptyView.swift */; };
		0AA5CA592044237E00768B38 /* AXBadgeView.swift in Sources */ = {isa = PBXBuildFile; fileRef = 0AA5CA242044237E00768B38 /* AXBadgeView.swift */; };
		0AA5CA5A2044237E00768B38 /* LHSCustomAlertView.swift in Sources */ = {isa = PBXBuildFile; fileRef = 0AA5CA252044237E00768B38 /* LHSCustomAlertView.swift */; };
		0AA5CA5B2044237E00768B38 /* GYZLoadingView.swift in Sources */ = {isa = PBXBuildFile; fileRef = 0AA5CA262044237E00768B38 /* GYZLoadingView.swift */; };
		0AA5CA5C2044237E00768B38 /* HXTagCollectionViewCell.m in Sources */ = {isa = PBXBuildFile; fileRef = 0AA5CA292044237E00768B38 /* HXTagCollectionViewCell.m */; };
		0AA5CA5D2044237E00768B38 /* HXTagsView.m in Sources */ = {isa = PBXBuildFile; fileRef = 0AA5CA2B2044237E00768B38 /* HXTagsView.m */; };
		0AA5CA5E2044237E00768B38 /* HXTagsCell.m in Sources */ = {isa = PBXBuildFile; fileRef = 0AA5CA2C2044237E00768B38 /* HXTagsCell.m */; };
		0AA5CA5F2044237E00768B38 /* HXTagAttribute.m in Sources */ = {isa = PBXBuildFile; fileRef = 0AA5CA2E2044237E00768B38 /* HXTagAttribute.m */; };
		0AA5CA602044237E00768B38 /* HXTagCollectionViewFlowLayout.m in Sources */ = {isa = PBXBuildFile; fileRef = 0AA5CA312044237E00768B38 /* HXTagCollectionViewFlowLayout.m */; };
		0AA5CA612044237E00768B38 /* IQActionSheetPickerView.m in Sources */ = {isa = PBXBuildFile; fileRef = 0AA5CA362044237E00768B38 /* IQActionSheetPickerView.m */; };
		0AA5CA622044237E00768B38 /* IQActionSheetViewController.m in Sources */ = {isa = PBXBuildFile; fileRef = 0AA5CA372044237E00768B38 /* IQActionSheetViewController.m */; };
		0AA5CA632044237E00768B38 /* GYZScanQrcodeVC.swift in Sources */ = {isa = PBXBuildFile; fileRef = 0AA5CA392044237E00768B38 /* GYZScanQrcodeVC.swift */; };
		0AA5CA642044237E00768B38 /* noticeMusic.caf in Resources */ = {isa = PBXBuildFile; fileRef = 0AA5CA3A2044237E00768B38 /* noticeMusic.caf */; };
		0AA5CA652044237E00768B38 /* GYZSheetView.swift in Sources */ = {isa = PBXBuildFile; fileRef = 0AA5CA3C2044237E00768B38 /* GYZSheetView.swift */; };
		0AA5CA662044237E00768B38 /* GYZActionSheet.swift in Sources */ = {isa = PBXBuildFile; fileRef = 0AA5CA3D2044237E00768B38 /* GYZActionSheet.swift */; };
		0AA5CA672044237E00768B38 /* GYZSheetCell.swift in Sources */ = {isa = PBXBuildFile; fileRef = 0AA5CA3E2044237E00768B38 /* GYZSheetCell.swift */; };
		0AA5CA682044237E00768B38 /* SegmentStyle.swift in Sources */ = {isa = PBXBuildFile; fileRef = 0AA5CA402044237E00768B38 /* SegmentStyle.swift */; };
		0AA5CA692044237E00768B38 /* ScrollPageView.swift in Sources */ = {isa = PBXBuildFile; fileRef = 0AA5CA412044237E00768B38 /* ScrollPageView.swift */; };
		0AA5CA6A2044237E00768B38 /* ScrollSegmentView.swift in Sources */ = {isa = PBXBuildFile; fileRef = 0AA5CA422044237E00768B38 /* ScrollSegmentView.swift */; };
		0AA5CA6B2044237E00768B38 /* ContentView.swift in Sources */ = {isa = PBXBuildFile; fileRef = 0AA5CA432044237E00768B38 /* ContentView.swift */; };
		0AA5CA6C2044237E00768B38 /* GYZNetWork.swift in Sources */ = {isa = PBXBuildFile; fileRef = 0AA5CA452044237E00768B38 /* GYZNetWork.swift */; };
		0AA5CA6D2044237E00768B38 /* GYZUpdateVersionTool.swift in Sources */ = {isa = PBXBuildFile; fileRef = 0AA5CA472044237E00768B38 /* GYZUpdateVersionTool.swift */; };
		0AA5CA6E2044237E00768B38 /* GYZLunarFormatter.swift in Sources */ = {isa = PBXBuildFile; fileRef = 0AA5CA482044237E00768B38 /* GYZLunarFormatter.swift */; };
		0AA5CA6F2044237E00768B38 /* GYZOpenCameraPhotosTool.swift in Sources */ = {isa = PBXBuildFile; fileRef = 0AA5CA492044237E00768B38 /* GYZOpenCameraPhotosTool.swift */; };
		0AA5CA702044237E00768B38 /* GYZAlertViewTools.swift in Sources */ = {isa = PBXBuildFile; fileRef = 0AA5CA4A2044237E00768B38 /* GYZAlertViewTools.swift */; };
		0AA5CA712044237E00768B38 /* GYZThrowLineTool.swift in Sources */ = {isa = PBXBuildFile; fileRef = 0AA5CA4B2044237E00768B38 /* GYZThrowLineTool.swift */; };
		0AA5CA722044237E00768B38 /* GYZTool.swift in Sources */ = {isa = PBXBuildFile; fileRef = 0AA5CA4C2044237E00768B38 /* GYZTool.swift */; };
		0AA5CA732044237E00768B38 /* GYZConst.swift in Sources */ = {isa = PBXBuildFile; fileRef = 0AA5CA4D2044237E00768B38 /* GYZConst.swift */; };
		0AA5CA752044249100768B38 /* TAHomeVC.swift in Sources */ = {isa = PBXBuildFile; fileRef = 0AA5CA742044249100768B38 /* TAHomeVC.swift */; };
		0AA5CA77204424E800768B38 /* TAMineVC.swift in Sources */ = {isa = PBXBuildFile; fileRef = 0AA5CA76204424E800768B38 /* TAMineVC.swift */; };
		0AA5CA792044251C00768B38 /* TAFavoriteVC.swift in Sources */ = {isa = PBXBuildFile; fileRef = 0AA5CA782044251C00768B38 /* TAFavoriteVC.swift */; };
		0AA5CA7B2044254F00768B38 /* TAFriendsVC.swift in Sources */ = {isa = PBXBuildFile; fileRef = 0AA5CA7A2044254F00768B38 /* TAFriendsVC.swift */; };
		0AA5CA7D2044258B00768B38 /* TAOthersVC.swift in Sources */ = {isa = PBXBuildFile; fileRef = 0AA5CA7C2044258B00768B38 /* TAOthersVC.swift */; };
		CBBDB94CAFC5F22CC01EFCB4 /* Pods_TuAi.framework in Frameworks */ = {isa = PBXBuildFile; fileRef = D68E02096B922CE56F4DF495 /* Pods_TuAi.framework */; };
/* End PBXBuildFile section */

/* Begin PBXContainerItemProxy section */
		0AA5C99F20441CFB00768B38 /* PBXContainerItemProxy */ = {
			isa = PBXContainerItemProxy;
			containerPortal = 0AA5C98220441CFB00768B38 /* Project object */;
			proxyType = 1;
			remoteGlobalIDString = 0AA5C98920441CFB00768B38;
			remoteInfo = TuAi;
		};
		0AA5C9AA20441CFB00768B38 /* PBXContainerItemProxy */ = {
			isa = PBXContainerItemProxy;
			containerPortal = 0AA5C98220441CFB00768B38 /* Project object */;
			proxyType = 1;
			remoteGlobalIDString = 0AA5C98920441CFB00768B38;
			remoteInfo = TuAi;
		};
/* End PBXContainerItemProxy section */

/* Begin PBXFileReference section */
		0A15B5F92052AFE60023D108 /* TAFavouriteVideoVC.swift */ = {isa = PBXFileReference; lastKnownFileType = sourcecode.swift; path = TAFavouriteVideoVC.swift; sourceTree = "<group>"; };
		0A162AA720497F4C003AF0F9 /* TAJingHuaItemView.swift */ = {isa = PBXFileReference; lastKnownFileType = sourcecode.swift; path = TAJingHuaItemView.swift; sourceTree = "<group>"; };
		0A162AA920498E37003AF0F9 /* TAHomeVideoCell.swift */ = {isa = PBXFileReference; lastKnownFileType = sourcecode.swift; path = TAHomeVideoCell.swift; sourceTree = "<group>"; };
		0A162AAD2049982B003AF0F9 /* TAImgAndTxtBtnView.swift */ = {isa = PBXFileReference; lastKnownFileType = sourcecode.swift; path = TAImgAndTxtBtnView.swift; sourceTree = "<group>"; };
		0A17A9EA20516879003F1E30 /* TAFuDaoHeaderView.swift */ = {isa = PBXFileReference; lastKnownFileType = sourcecode.swift; path = TAFuDaoHeaderView.swift; sourceTree = "<group>"; };
		0A17A9EF205178A9003F1E30 /* TuAi-Bridging-Header.h */ = {isa = PBXFileReference; fileEncoding = 4; lastKnownFileType = sourcecode.c.h; path = "TuAi-Bridging-Header.h"; sourceTree = "<group>"; };
		0A17A9F3205183E9003F1E30 /* TAWuDaoVC.swift */ = {isa = PBXFileReference; lastKnownFileType = sourcecode.swift; path = TAWuDaoVC.swift; sourceTree = "<group>"; };
		0A17A9F5205185ED003F1E30 /* TALiuXueVC.swift */ = {isa = PBXFileReference; lastKnownFileType = sourcecode.swift; path = TALiuXueVC.swift; sourceTree = "<group>"; };
		0A17A9F7205187C5003F1E30 /* TAShuHuaVC.swift */ = {isa = PBXFileReference; lastKnownFileType = sourcecode.swift; path = TAShuHuaVC.swift; sourceTree = "<group>"; };
		0A17A9F92051882A003F1E30 /* TATiYuVC.swift */ = {isa = PBXFileReference; lastKnownFileType = sourcecode.swift; path = TATiYuVC.swift; sourceTree = "<group>"; };
		0A17A9FB205188C0003F1E30 /* TAMusicVC.swift */ = {isa = PBXFileReference; lastKnownFileType = sourcecode.swift; path = TAMusicVC.swift; sourceTree = "<group>"; };
		0A17A9FD2051891B003F1E30 /* TAZaoJiaoVC.swift */ = {isa = PBXFileReference; lastKnownFileType = sourcecode.swift; path = TAZaoJiaoVC.swift; sourceTree = "<group>"; };
		0A17A9FF20518961003F1E30 /* TAOtherVC.swift */ = {isa = PBXFileReference; lastKnownFileType = sourcecode.swift; path = TAOtherVC.swift; sourceTree = "<group>"; };
		0A314868205761AE009E1986 /* TAModifyFontVC.swift */ = {isa = PBXFileReference; lastKnownFileType = sourcecode.swift; path = TAModifyFontVC.swift; sourceTree = "<group>"; };
		0A31486A2057A481009E1986 /* TAFriendsHeaderView.swift */ = {isa = PBXFileReference; lastKnownFileType = sourcecode.swift; path = TAFriendsHeaderView.swift; sourceTree = "<group>"; };
		0A31486C2057AF77009E1986 /* TAFriendsCell.swift */ = {isa = PBXFileReference; lastKnownFileType = sourcecode.swift; path = TAFriendsCell.swift; sourceTree = "<group>"; };
		0A4B24AF204ADFDA0069BB99 /* mineMenuData.plist */ = {isa = PBXFileReference; fileEncoding = 4; lastKnownFileType = text.plist.xml; path = mineMenuData.plist; sourceTree = "<group>"; };
		0A4B24B1204AE4040069BB99 /* TAMineFuncCell.swift */ = {isa = PBXFileReference; lastKnownFileType = sourcecode.swift; path = TAMineFuncCell.swift; sourceTree = "<group>"; };
		0A4B24B3204AEBB00069BB99 /* TAMyKeChengVC.swift */ = {isa = PBXFileReference; lastKnownFileType = sourcecode.swift; path = TAMyKeChengVC.swift; sourceTree = "<group>"; };
		0A4DE2732056C7080019FAAA /* TASettingPwdVC.swift */ = {isa = PBXFileReference; lastKnownFileType = sourcecode.swift; path = TASettingPwdVC.swift; sourceTree = "<group>"; };
		0A4DE2752056CBF50019FAAA /* TAModifyPhoneVC.swift */ = {isa = PBXFileReference; lastKnownFileType = sourcecode.swift; path = TAModifyPhoneVC.swift; sourceTree = "<group>"; };
		0A4DE2772056CF7B0019FAAA /* TAInputPhoneVC.swift */ = {isa = PBXFileReference; lastKnownFileType = sourcecode.swift; path = TAInputPhoneVC.swift; sourceTree = "<group>"; };
		0A4DE2792056D1ED0019FAAA /* TASettingEmailVC.swift */ = {isa = PBXFileReference; lastKnownFileType = sourcecode.swift; path = TASettingEmailVC.swift; sourceTree = "<group>"; };
		0A4DE27D2056D3D70019FAAA /* TAInputEmailVC.swift */ = {isa = PBXFileReference; lastKnownFileType = sourcecode.swift; path = TAInputEmailVC.swift; sourceTree = "<group>"; };
		0A4DE27F2056D76C0019FAAA /* TABindAccountVC.swift */ = {isa = PBXFileReference; lastKnownFileType = sourcecode.swift; path = TABindAccountVC.swift; sourceTree = "<group>"; };
		0A7495FB2050BFFF0036C6F7 /* TAStudyProcessingCell.swift */ = {isa = PBXFileReference; lastKnownFileType = sourcecode.swift; path = TAStudyProcessingCell.swift; sourceTree = "<group>"; };
		0A7495FD2050C64E0036C6F7 /* TAStudyRecordVC.swift */ = {isa = PBXFileReference; lastKnownFileType = sourcecode.swift; path = TAStudyRecordVC.swift; sourceTree = "<group>"; };
		0A7495FF2050C73F0036C6F7 /* TAStudyRecordHeaderView.swift */ = {isa = PBXFileReference; lastKnownFileType = sourcecode.swift; path = TAStudyRecordHeaderView.swift; sourceTree = "<group>"; };
		0A7496012050CD9F0036C6F7 /* TASampleTableHeaderView.swift */ = {isa = PBXFileReference; lastKnownFileType = sourcecode.swift; path = TASampleTableHeaderView.swift; sourceTree = "<group>"; };
		0A7496032050E3CA0036C6F7 /* TACommentCell.swift */ = {isa = PBXFileReference; lastKnownFileType = sourcecode.swift; path = TACommentCell.swift; sourceTree = "<group>"; };
		0A7496052050E5850036C6F7 /* GYZPhotoView.swift */ = {isa = PBXFileReference; lastKnownFileType = sourcecode.swift; path = GYZPhotoView.swift; sourceTree = "<group>"; };
		0A7496072051092B0036C6F7 /* GYZImgLeftAndTxtRightView.swift */ = {isa = PBXFileReference; lastKnownFileType = sourcecode.swift; path = GYZImgLeftAndTxtRightView.swift; sourceTree = "<group>"; };
		0A7496092051144D0036C6F7 /* TACommentHeaderView.swift */ = {isa = PBXFileReference; lastKnownFileType = sourcecode.swift; path = TACommentHeaderView.swift; sourceTree = "<group>"; };
		0A74960B205116C20036C6F7 /* TACommentGroupCell.swift */ = {isa = PBXFileReference; lastKnownFileType = sourcecode.swift; path = TACommentGroupCell.swift; sourceTree = "<group>"; };
		0A74960D20511D060036C6F7 /* TACommentGroupChildCell.swift */ = {isa = PBXFileReference; lastKnownFileType = sourcecode.swift; path = TACommentGroupChildCell.swift; sourceTree = "<group>"; };
		0A74960F205129A80036C6F7 /* TAFuDaoVC.swift */ = {isa = PBXFileReference; lastKnownFileType = sourcecode.swift; path = TAFuDaoVC.swift; sourceTree = "<group>"; };
		0A74961120512DD20036C6F7 /* TAFuDaoCell.swift */ = {isa = PBXFileReference; lastKnownFileType = sourcecode.swift; path = TAFuDaoCell.swift; sourceTree = "<group>"; };
		0A7772D3204FC66C00FC0065 /* TAMyBusinessVC.swift */ = {isa = PBXFileReference; lastKnownFileType = sourcecode.swift; path = TAMyBusinessVC.swift; sourceTree = "<group>"; };
		0A7772D5204FC79000FC0065 /* GYZLabAndFieldView.swift */ = {isa = PBXFileReference; lastKnownFileType = sourcecode.swift; path = GYZLabAndFieldView.swift; sourceTree = "<group>"; };
		0A7E70342048EFEC007A05BD /* TAHomeNavigationView.swift */ = {isa = PBXFileReference; lastKnownFileType = sourcecode.swift; path = TAHomeNavigationView.swift; sourceTree = "<group>"; };
		0A7E70372049298A007A05BD /* ZCycleView.swift */ = {isa = PBXFileReference; fileEncoding = 4; lastKnownFileType = sourcecode.swift; path = ZCycleView.swift; sourceTree = "<group>"; };
		0A7E70382049298A007A05BD /* ZCycleViewCell.swift */ = {isa = PBXFileReference; fileEncoding = 4; lastKnownFileType = sourcecode.swift; path = ZCycleViewCell.swift; sourceTree = "<group>"; };
		0A7E70392049298A007A05BD /* ZCycleLayout.swift */ = {isa = PBXFileReference; fileEncoding = 4; lastKnownFileType = sourcecode.swift; path = ZCycleLayout.swift; sourceTree = "<group>"; };
		0A7E703A2049298A007A05BD /* ZPageControl.swift */ = {isa = PBXFileReference; fileEncoding = 4; lastKnownFileType = sourcecode.swift; path = ZPageControl.swift; sourceTree = "<group>"; };
		0A7E703F20492BC3007A05BD /* TAHomeVideoVC.swift */ = {isa = PBXFileReference; lastKnownFileType = sourcecode.swift; path = TAHomeVideoVC.swift; sourceTree = "<group>"; };
		0A7E704120492C86007A05BD /* TAHomeJingHuaVC.swift */ = {isa = PBXFileReference; lastKnownFileType = sourcecode.swift; path = TAHomeJingHuaVC.swift; sourceTree = "<group>"; };
		0A7E704320492CB1007A05BD /* TAHomeCommentVC.swift */ = {isa = PBXFileReference; lastKnownFileType = sourcecode.swift; path = TAHomeCommentVC.swift; sourceTree = "<group>"; };
		0A7E7045204935C4007A05BD /* TAHomeMenuCell.swift */ = {isa = PBXFileReference; lastKnownFileType = sourcecode.swift; path = TAHomeMenuCell.swift; sourceTree = "<group>"; };
		0A7E704B204936E4007A05BD /* TAFuncModelView.swift */ = {isa = PBXFileReference; lastKnownFileType = sourcecode.swift; path = TAFuncModelView.swift; sourceTree = "<group>"; };
		0A7E704D204939E8007A05BD /* TABaseModel.swift */ = {isa = PBXFileReference; lastKnownFileType = sourcecode.swift; path = TABaseModel.swift; sourceTree = "<group>"; };
		0A7E704F20493A3C007A05BD /* TAHomeFuncModel.swift */ = {isa = PBXFileReference; lastKnownFileType = sourcecode.swift; path = TAHomeFuncModel.swift; sourceTree = "<group>"; };
		0A7E7051204945A0007A05BD /* TAJingHuaHeaderView.swift */ = {isa = PBXFileReference; lastKnownFileType = sourcecode.swift; path = TAJingHuaHeaderView.swift; sourceTree = "<group>"; };
		0A7E705320494A80007A05BD /* TAJingHuaCell.swift */ = {isa = PBXFileReference; lastKnownFileType = sourcecode.swift; path = TAJingHuaCell.swift; sourceTree = "<group>"; };
		0A80638A204CF3E2001E5233 /* TAMineUserHeaderView.swift */ = {isa = PBXFileReference; lastKnownFileType = sourcecode.swift; path = TAMineUserHeaderView.swift; sourceTree = "<group>"; };
		0A80638C204CF57F001E5233 /* GYZBaseWhiteNavVC.swift */ = {isa = PBXFileReference; lastKnownFileType = sourcecode.swift; path = GYZBaseWhiteNavVC.swift; sourceTree = "<group>"; };
		0A80638E204CF644001E5233 /* TACollectionBlankFooterView.swift */ = {isa = PBXFileReference; lastKnownFileType = sourcecode.swift; path = TACollectionBlankFooterView.swift; sourceTree = "<group>"; };
		0A806390204D162F001E5233 /* TAMyKeChengCell.swift */ = {isa = PBXFileReference; lastKnownFileType = sourcecode.swift; path = TAMyKeChengCell.swift; sourceTree = "<group>"; };
		0A806392204D27DE001E5233 /* TAMyKeChengDetailVC.swift */ = {isa = PBXFileReference; lastKnownFileType = sourcecode.swift; path = TAMyKeChengDetailVC.swift; sourceTree = "<group>"; };
		0A83CA51204E7E7500F0E20D /* TAMyGroupVC.swift */ = {isa = PBXFileReference; lastKnownFileType = sourcecode.swift; path = TAMyGroupVC.swift; sourceTree = "<group>"; };
		0A83CA53204E805B00F0E20D /* TAMyGroupCell.swift */ = {isa = PBXFileReference; lastKnownFileType = sourcecode.swift; path = TAMyGroupCell.swift; sourceTree = "<group>"; };
		0A83CA55204E831400F0E20D /* TAMyYouHuiVC.swift */ = {isa = PBXFileReference; lastKnownFileType = sourcecode.swift; path = TAMyYouHuiVC.swift; sourceTree = "<group>"; };
		0A83CA57204E83A900F0E20D /* TAMyYouHuiCell.swift */ = {isa = PBXFileReference; lastKnownFileType = sourcecode.swift; path = TAMyYouHuiCell.swift; sourceTree = "<group>"; };
		0A933F522058BD820082540E /* TAFriendHomeVC.swift */ = {isa = PBXFileReference; lastKnownFileType = sourcecode.swift; path = TAFriendHomeVC.swift; sourceTree = "<group>"; };
		0A933F542058CB8F0082540E /* TAFriendsHomeHeaderView.swift */ = {isa = PBXFileReference; lastKnownFileType = sourcecode.swift; path = TAFriendsHomeHeaderView.swift; sourceTree = "<group>"; };
		0A933F562058F3CA0082540E /* TAScrollPageBaseVC.swift */ = {isa = PBXFileReference; lastKnownFileType = sourcecode.swift; path = TAScrollPageBaseVC.swift; sourceTree = "<group>"; };
		0A933F582058F4980082540E /* TAFriendHomeDynamicVC.swift */ = {isa = PBXFileReference; lastKnownFileType = sourcecode.swift; path = TAFriendHomeDynamicVC.swift; sourceTree = "<group>"; };
		0A9A61192052230C00B7D28D /* TAForgetPwdVC.swift */ = {isa = PBXFileReference; lastKnownFileType = sourcecode.swift; path = TAForgetPwdVC.swift; sourceTree = "<group>"; };
		0A9A611D20526C4800B7D28D /* TAFavouriteTuWenVC.swift */ = {isa = PBXFileReference; lastKnownFileType = sourcecode.swift; path = TAFavouriteTuWenVC.swift; sourceTree = "<group>"; };
		0A9A611F20526D7800B7D28D /* TAFavouriteVideoCell.swift */ = {isa = PBXFileReference; lastKnownFileType = sourcecode.swift; path = TAFavouriteVideoCell.swift; sourceTree = "<group>"; };
		0A9A6121205273B200B7D28D /* TAFavouriteVideoChildCell.swift */ = {isa = PBXFileReference; lastKnownFileType = sourcecode.swift; path = TAFavouriteVideoChildCell.swift; sourceTree = "<group>"; };
		0A9DCA09205654B000E841C1 /* TACustomTabBar.swift */ = {isa = PBXFileReference; lastKnownFileType = sourcecode.swift; path = TACustomTabBar.swift; sourceTree = "<group>"; };
		0A9DCA0B2056792200E841C1 /* TASettingVC.swift */ = {isa = PBXFileReference; lastKnownFileType = sourcecode.swift; path = TASettingVC.swift; sourceTree = "<group>"; };
		0A9DCA0D20567A4B00E841C1 /* TACommonCell.swift */ = {isa = PBXFileReference; lastKnownFileType = sourcecode.swift; path = TACommonCell.swift; sourceTree = "<group>"; };
		0A9DCA0F20567BD900E841C1 /* TASettingCell.swift */ = {isa = PBXFileReference; lastKnownFileType = sourcecode.swift; path = TASettingCell.swift; sourceTree = "<group>"; };
		0A9DCA112056934A00E841C1 /* TASettingAutoPlayVC.swift */ = {isa = PBXFileReference; lastKnownFileType = sourcecode.swift; path = TASettingAutoPlayVC.swift; sourceTree = "<group>"; };
		0A9DCA132056957200E841C1 /* TASettingAuToPlayCell.swift */ = {isa = PBXFileReference; lastKnownFileType = sourcecode.swift; path = TASettingAuToPlayCell.swift; sourceTree = "<group>"; };
		0A9DCA1520569AAB00E841C1 /* TAAccountAndSafeVC.swift */ = {isa = PBXFileReference; lastKnownFileType = sourcecode.swift; path = TAAccountAndSafeVC.swift; sourceTree = "<group>"; };
		0A9DCA172056A0F700E841C1 /* TAPwdConfirmCodeVC.swift */ = {isa = PBXFileReference; lastKnownFileType = sourcecode.swift; path = TAPwdConfirmCodeVC.swift; sourceTree = "<group>"; };
		0AA5C98A20441CFB00768B38 /* TuAi.app */ = {isa = PBXFileReference; explicitFileType = wrapper.application; includeInIndex = 0; path = TuAi.app; sourceTree = BUILT_PRODUCTS_DIR; };
		0AA5C98D20441CFB00768B38 /* AppDelegate.swift */ = {isa = PBXFileReference; lastKnownFileType = sourcecode.swift; path = AppDelegate.swift; sourceTree = "<group>"; };
		0AA5C98F20441CFB00768B38 /* ViewController.swift */ = {isa = PBXFileReference; lastKnownFileType = sourcecode.swift; path = ViewController.swift; sourceTree = "<group>"; };
		0AA5C99220441CFB00768B38 /* Base */ = {isa = PBXFileReference; lastKnownFileType = file.storyboard; name = Base; path = Base.lproj/Main.storyboard; sourceTree = "<group>"; };
		0AA5C99420441CFB00768B38 /* Assets.xcassets */ = {isa = PBXFileReference; lastKnownFileType = folder.assetcatalog; path = Assets.xcassets; sourceTree = "<group>"; };
		0AA5C99720441CFB00768B38 /* Base */ = {isa = PBXFileReference; lastKnownFileType = file.storyboard; name = Base; path = Base.lproj/LaunchScreen.storyboard; sourceTree = "<group>"; };
		0AA5C99920441CFB00768B38 /* Info.plist */ = {isa = PBXFileReference; lastKnownFileType = text.plist.xml; path = Info.plist; sourceTree = "<group>"; };
		0AA5C99E20441CFB00768B38 /* TuAiTests.xctest */ = {isa = PBXFileReference; explicitFileType = wrapper.cfbundle; includeInIndex = 0; path = TuAiTests.xctest; sourceTree = BUILT_PRODUCTS_DIR; };
		0AA5C9A220441CFB00768B38 /* TuAiTests.swift */ = {isa = PBXFileReference; lastKnownFileType = sourcecode.swift; path = TuAiTests.swift; sourceTree = "<group>"; };
		0AA5C9A420441CFB00768B38 /* Info.plist */ = {isa = PBXFileReference; lastKnownFileType = text.plist.xml; path = Info.plist; sourceTree = "<group>"; };
		0AA5C9A920441CFB00768B38 /* TuAiUITests.xctest */ = {isa = PBXFileReference; explicitFileType = wrapper.cfbundle; includeInIndex = 0; path = TuAiUITests.xctest; sourceTree = BUILT_PRODUCTS_DIR; };
		0AA5C9AD20441CFB00768B38 /* TuAiUITests.swift */ = {isa = PBXFileReference; lastKnownFileType = sourcecode.swift; path = TuAiUITests.swift; sourceTree = "<group>"; };
		0AA5C9AF20441CFB00768B38 /* Info.plist */ = {isa = PBXFileReference; lastKnownFileType = text.plist.xml; path = Info.plist; sourceTree = "<group>"; };
		0AA5C9D1204421B500768B38 /* menuData.plist */ = {isa = PBXFileReference; fileEncoding = 4; lastKnownFileType = text.plist.xml; path = menuData.plist; sourceTree = "<group>"; };
		0AA5C9D3204421B500768B38 /* GYZMainTabBarVC.swift */ = {isa = PBXFileReference; fileEncoding = 4; lastKnownFileType = sourcecode.swift; path = GYZMainTabBarVC.swift; sourceTree = "<group>"; };
		0AA5C9D4204421B500768B38 /* GYZBaseNavigationVC.swift */ = {isa = PBXFileReference; fileEncoding = 4; lastKnownFileType = sourcecode.swift; path = GYZBaseNavigationVC.swift; sourceTree = "<group>"; };
		0AA5C9D5204421B500768B38 /* GYZBaseVC.swift */ = {isa = PBXFileReference; fileEncoding = 4; lastKnownFileType = sourcecode.swift; path = GYZBaseVC.swift; sourceTree = "<group>"; };
		0AA5C9D8204421B500768B38 /* GYZLoginVC.swift */ = {isa = PBXFileReference; fileEncoding = 4; lastKnownFileType = sourcecode.swift; path = GYZLoginVC.swift; sourceTree = "<group>"; };
		0AA5C9DB204421B500768B38 /* GYZLoginInputView.swift */ = {isa = PBXFileReference; fileEncoding = 4; lastKnownFileType = sourcecode.swift; path = GYZLoginInputView.swift; sourceTree = "<group>"; };
		0AA5CA182044237E00768B38 /* GYZUIView+Extension.swift */ = {isa = PBXFileReference; fileEncoding = 4; lastKnownFileType = sourcecode.swift; path = "GYZUIView+Extension.swift"; sourceTree = "<group>"; };
		0AA5CA192044237E00768B38 /* ETNavBarTransparent.swift */ = {isa = PBXFileReference; fileEncoding = 4; lastKnownFileType = sourcecode.swift; path = ETNavBarTransparent.swift; sourceTree = "<group>"; };
		0AA5CA1A2044237E00768B38 /* GYZUIButton+Extension.swift */ = {isa = PBXFileReference; fileEncoding = 4; lastKnownFileType = sourcecode.swift; path = "GYZUIButton+Extension.swift"; sourceTree = "<group>"; };
		0AA5CA1B2044237E00768B38 /* GYZUIImage+Extension.swift */ = {isa = PBXFileReference; fileEncoding = 4; lastKnownFileType = sourcecode.swift; path = "GYZUIImage+Extension.swift"; sourceTree = "<group>"; };
		0AA5CA1C2044237E00768B38 /* MBProgressHUD+Extension.swift */ = {isa = PBXFileReference; fileEncoding = 4; lastKnownFileType = sourcecode.swift; path = "MBProgressHUD+Extension.swift"; sourceTree = "<group>"; };
		0AA5CA1D2044237E00768B38 /* GYZString+Extension.swift */ = {isa = PBXFileReference; fileEncoding = 4; lastKnownFileType = sourcecode.swift; path = "GYZString+Extension.swift"; sourceTree = "<group>"; };
		0AA5CA1E2044237E00768B38 /* GYZUIColor+Extension.swift */ = {isa = PBXFileReference; fileEncoding = 4; lastKnownFileType = sourcecode.swift; path = "GYZUIColor+Extension.swift"; sourceTree = "<group>"; };
		0AA5CA1F2044237E00768B38 /* GYZUIViewControl+Empty.swift */ = {isa = PBXFileReference; fileEncoding = 4; lastKnownFileType = sourcecode.swift; path = "GYZUIViewControl+Empty.swift"; sourceTree = "<group>"; };
		0AA5CA202044237E00768B38 /* GYZDate+Extension.swift */ = {isa = PBXFileReference; fileEncoding = 4; lastKnownFileType = sourcecode.swift; path = "GYZDate+Extension.swift"; sourceTree = "<group>"; };
		0AA5CA212044237E00768B38 /* GYZUIViewController+Loading.swift */ = {isa = PBXFileReference; fileEncoding = 4; lastKnownFileType = sourcecode.swift; path = "GYZUIViewController+Loading.swift"; sourceTree = "<group>"; };
		0AA5CA232044237E00768B38 /* GYZEmptyView.swift */ = {isa = PBXFileReference; fileEncoding = 4; lastKnownFileType = sourcecode.swift; path = GYZEmptyView.swift; sourceTree = "<group>"; };
		0AA5CA242044237E00768B38 /* AXBadgeView.swift */ = {isa = PBXFileReference; fileEncoding = 4; lastKnownFileType = sourcecode.swift; path = AXBadgeView.swift; sourceTree = "<group>"; };
		0AA5CA252044237E00768B38 /* LHSCustomAlertView.swift */ = {isa = PBXFileReference; fileEncoding = 4; lastKnownFileType = sourcecode.swift; path = LHSCustomAlertView.swift; sourceTree = "<group>"; };
		0AA5CA262044237E00768B38 /* GYZLoadingView.swift */ = {isa = PBXFileReference; fileEncoding = 4; lastKnownFileType = sourcecode.swift; path = GYZLoadingView.swift; sourceTree = "<group>"; };
		0AA5CA292044237E00768B38 /* HXTagCollectionViewCell.m */ = {isa = PBXFileReference; fileEncoding = 4; lastKnownFileType = sourcecode.c.objc; path = HXTagCollectionViewCell.m; sourceTree = "<group>"; };
		0AA5CA2A2044237E00768B38 /* HXTagAttribute.h */ = {isa = PBXFileReference; fileEncoding = 4; lastKnownFileType = sourcecode.c.h; path = HXTagAttribute.h; sourceTree = "<group>"; };
		0AA5CA2B2044237E00768B38 /* HXTagsView.m */ = {isa = PBXFileReference; fileEncoding = 4; lastKnownFileType = sourcecode.c.objc; path = HXTagsView.m; sourceTree = "<group>"; };
		0AA5CA2C2044237E00768B38 /* HXTagsCell.m */ = {isa = PBXFileReference; fileEncoding = 4; lastKnownFileType = sourcecode.c.objc; path = HXTagsCell.m; sourceTree = "<group>"; };
		0AA5CA2D2044237E00768B38 /* HXTagCollectionViewFlowLayout.h */ = {isa = PBXFileReference; fileEncoding = 4; lastKnownFileType = sourcecode.c.h; path = HXTagCollectionViewFlowLayout.h; sourceTree = "<group>"; };
		0AA5CA2E2044237E00768B38 /* HXTagAttribute.m */ = {isa = PBXFileReference; fileEncoding = 4; lastKnownFileType = sourcecode.c.objc; path = HXTagAttribute.m; sourceTree = "<group>"; };
		0AA5CA2F2044237E00768B38 /* HXTagCollectionViewCell.h */ = {isa = PBXFileReference; fileEncoding = 4; lastKnownFileType = sourcecode.c.h; path = HXTagCollectionViewCell.h; sourceTree = "<group>"; };
		0AA5CA302044237E00768B38 /* HXTagsView.h */ = {isa = PBXFileReference; fileEncoding = 4; lastKnownFileType = sourcecode.c.h; path = HXTagsView.h; sourceTree = "<group>"; };
		0AA5CA312044237E00768B38 /* HXTagCollectionViewFlowLayout.m */ = {isa = PBXFileReference; fileEncoding = 4; lastKnownFileType = sourcecode.c.objc; path = HXTagCollectionViewFlowLayout.m; sourceTree = "<group>"; };
		0AA5CA322044237E00768B38 /* HXTagsCell.h */ = {isa = PBXFileReference; fileEncoding = 4; lastKnownFileType = sourcecode.c.h; path = HXTagsCell.h; sourceTree = "<group>"; };
		0AA5CA342044237E00768B38 /* IQActionSheetPickerView.h */ = {isa = PBXFileReference; fileEncoding = 4; lastKnownFileType = sourcecode.c.h; path = IQActionSheetPickerView.h; sourceTree = "<group>"; };
		0AA5CA352044237E00768B38 /* IQActionSheetViewController.h */ = {isa = PBXFileReference; fileEncoding = 4; lastKnownFileType = sourcecode.c.h; path = IQActionSheetViewController.h; sourceTree = "<group>"; };
		0AA5CA362044237E00768B38 /* IQActionSheetPickerView.m */ = {isa = PBXFileReference; fileEncoding = 4; lastKnownFileType = sourcecode.c.objc; path = IQActionSheetPickerView.m; sourceTree = "<group>"; };
		0AA5CA372044237E00768B38 /* IQActionSheetViewController.m */ = {isa = PBXFileReference; fileEncoding = 4; lastKnownFileType = sourcecode.c.objc; path = IQActionSheetViewController.m; sourceTree = "<group>"; };
		0AA5CA392044237E00768B38 /* GYZScanQrcodeVC.swift */ = {isa = PBXFileReference; fileEncoding = 4; lastKnownFileType = sourcecode.swift; path = GYZScanQrcodeVC.swift; sourceTree = "<group>"; };
		0AA5CA3A2044237E00768B38 /* noticeMusic.caf */ = {isa = PBXFileReference; lastKnownFileType = file; path = noticeMusic.caf; sourceTree = "<group>"; };
		0AA5CA3C2044237E00768B38 /* GYZSheetView.swift */ = {isa = PBXFileReference; fileEncoding = 4; lastKnownFileType = sourcecode.swift; path = GYZSheetView.swift; sourceTree = "<group>"; };
		0AA5CA3D2044237E00768B38 /* GYZActionSheet.swift */ = {isa = PBXFileReference; fileEncoding = 4; lastKnownFileType = sourcecode.swift; path = GYZActionSheet.swift; sourceTree = "<group>"; };
		0AA5CA3E2044237E00768B38 /* GYZSheetCell.swift */ = {isa = PBXFileReference; fileEncoding = 4; lastKnownFileType = sourcecode.swift; path = GYZSheetCell.swift; sourceTree = "<group>"; };
		0AA5CA402044237E00768B38 /* SegmentStyle.swift */ = {isa = PBXFileReference; fileEncoding = 4; lastKnownFileType = sourcecode.swift; path = SegmentStyle.swift; sourceTree = "<group>"; };
		0AA5CA412044237E00768B38 /* ScrollPageView.swift */ = {isa = PBXFileReference; fileEncoding = 4; lastKnownFileType = sourcecode.swift; path = ScrollPageView.swift; sourceTree = "<group>"; };
		0AA5CA422044237E00768B38 /* ScrollSegmentView.swift */ = {isa = PBXFileReference; fileEncoding = 4; lastKnownFileType = sourcecode.swift; path = ScrollSegmentView.swift; sourceTree = "<group>"; };
		0AA5CA432044237E00768B38 /* ContentView.swift */ = {isa = PBXFileReference; fileEncoding = 4; lastKnownFileType = sourcecode.swift; path = ContentView.swift; sourceTree = "<group>"; };
		0AA5CA452044237E00768B38 /* GYZNetWork.swift */ = {isa = PBXFileReference; fileEncoding = 4; lastKnownFileType = sourcecode.swift; path = GYZNetWork.swift; sourceTree = "<group>"; };
		0AA5CA472044237E00768B38 /* GYZUpdateVersionTool.swift */ = {isa = PBXFileReference; fileEncoding = 4; lastKnownFileType = sourcecode.swift; path = GYZUpdateVersionTool.swift; sourceTree = "<group>"; };
		0AA5CA482044237E00768B38 /* GYZLunarFormatter.swift */ = {isa = PBXFileReference; fileEncoding = 4; lastKnownFileType = sourcecode.swift; path = GYZLunarFormatter.swift; sourceTree = "<group>"; };
		0AA5CA492044237E00768B38 /* GYZOpenCameraPhotosTool.swift */ = {isa = PBXFileReference; fileEncoding = 4; lastKnownFileType = sourcecode.swift; path = GYZOpenCameraPhotosTool.swift; sourceTree = "<group>"; };
		0AA5CA4A2044237E00768B38 /* GYZAlertViewTools.swift */ = {isa = PBXFileReference; fileEncoding = 4; lastKnownFileType = sourcecode.swift; path = GYZAlertViewTools.swift; sourceTree = "<group>"; };
		0AA5CA4B2044237E00768B38 /* GYZThrowLineTool.swift */ = {isa = PBXFileReference; fileEncoding = 4; lastKnownFileType = sourcecode.swift; path = GYZThrowLineTool.swift; sourceTree = "<group>"; };
		0AA5CA4C2044237E00768B38 /* GYZTool.swift */ = {isa = PBXFileReference; fileEncoding = 4; lastKnownFileType = sourcecode.swift; path = GYZTool.swift; sourceTree = "<group>"; };
		0AA5CA4D2044237E00768B38 /* GYZConst.swift */ = {isa = PBXFileReference; fileEncoding = 4; lastKnownFileType = sourcecode.swift; path = GYZConst.swift; sourceTree = "<group>"; };
		0AA5CA742044249100768B38 /* TAHomeVC.swift */ = {isa = PBXFileReference; lastKnownFileType = sourcecode.swift; path = TAHomeVC.swift; sourceTree = "<group>"; };
		0AA5CA76204424E800768B38 /* TAMineVC.swift */ = {isa = PBXFileReference; lastKnownFileType = sourcecode.swift; path = TAMineVC.swift; sourceTree = "<group>"; };
		0AA5CA782044251C00768B38 /* TAFavoriteVC.swift */ = {isa = PBXFileReference; lastKnownFileType = sourcecode.swift; path = TAFavoriteVC.swift; sourceTree = "<group>"; };
		0AA5CA7A2044254F00768B38 /* TAFriendsVC.swift */ = {isa = PBXFileReference; lastKnownFileType = sourcecode.swift; path = TAFriendsVC.swift; sourceTree = "<group>"; };
		0AA5CA7C2044258B00768B38 /* TAOthersVC.swift */ = {isa = PBXFileReference; lastKnownFileType = sourcecode.swift; path = TAOthersVC.swift; sourceTree = "<group>"; };
		D2BD2BCD508EA81957354297 /* Pods-TuAi.release.xcconfig */ = {isa = PBXFileReference; includeInIndex = 1; lastKnownFileType = text.xcconfig; name = "Pods-TuAi.release.xcconfig"; path = "Pods/Target Support Files/Pods-TuAi/Pods-TuAi.release.xcconfig"; sourceTree = "<group>"; };
		D68E02096B922CE56F4DF495 /* Pods_TuAi.framework */ = {isa = PBXFileReference; explicitFileType = wrapper.framework; includeInIndex = 0; path = Pods_TuAi.framework; sourceTree = BUILT_PRODUCTS_DIR; };
		DB3662EE0A7D2E6AB037A1F3 /* Pods-TuAi.debug.xcconfig */ = {isa = PBXFileReference; includeInIndex = 1; lastKnownFileType = text.xcconfig; name = "Pods-TuAi.debug.xcconfig"; path = "Pods/Target Support Files/Pods-TuAi/Pods-TuAi.debug.xcconfig"; sourceTree = "<group>"; };
/* End PBXFileReference section */

/* Begin PBXFrameworksBuildPhase section */
		0AA5C98720441CFB00768B38 /* Frameworks */ = {
			isa = PBXFrameworksBuildPhase;
			buildActionMask = 2147483647;
			files = (
				CBBDB94CAFC5F22CC01EFCB4 /* Pods_TuAi.framework in Frameworks */,
			);
			runOnlyForDeploymentPostprocessing = 0;
		};
		0AA5C99B20441CFB00768B38 /* Frameworks */ = {
			isa = PBXFrameworksBuildPhase;
			buildActionMask = 2147483647;
			files = (
			);
			runOnlyForDeploymentPostprocessing = 0;
		};
		0AA5C9A620441CFB00768B38 /* Frameworks */ = {
			isa = PBXFrameworksBuildPhase;
			buildActionMask = 2147483647;
			files = (
			);
			runOnlyForDeploymentPostprocessing = 0;
		};
/* End PBXFrameworksBuildPhase section */

/* Begin PBXGroup section */
		0A7E70362049298A007A05BD /* ZCycleView */ = {
			isa = PBXGroup;
			children = (
				0A7E70372049298A007A05BD /* ZCycleView.swift */,
				0A7E70382049298A007A05BD /* ZCycleViewCell.swift */,
				0A7E70392049298A007A05BD /* ZCycleLayout.swift */,
				0A7E703A2049298A007A05BD /* ZPageControl.swift */,
			);
			path = ZCycleView;
			sourceTree = "<group>";
		};
		0A7E7047204936C5007A05BD /* Commons */ = {
			isa = PBXGroup;
			children = (
				0A7E7048204936C5007A05BD /* Controller */,
				0A7E7049204936C5007A05BD /* Model */,
				0A7E704A204936C5007A05BD /* View */,
			);
			path = Commons;
			sourceTree = "<group>";
		};
		0A7E7048204936C5007A05BD /* Controller */ = {
			isa = PBXGroup;
			children = (
			);
			path = Controller;
			sourceTree = "<group>";
		};
		0A7E7049204936C5007A05BD /* Model */ = {
			isa = PBXGroup;
			children = (
				0A7E704D204939E8007A05BD /* TABaseModel.swift */,
			);
			path = Model;
			sourceTree = "<group>";
		};
		0A7E704A204936C5007A05BD /* View */ = {
			isa = PBXGroup;
			children = (
				0A7E704B204936E4007A05BD /* TAFuncModelView.swift */,
				0A162AAD2049982B003AF0F9 /* TAImgAndTxtBtnView.swift */,
				0A7772D5204FC79000FC0065 /* GYZLabAndFieldView.swift */,
				0A7496012050CD9F0036C6F7 /* TASampleTableHeaderView.swift */,
				0A7496052050E5850036C6F7 /* GYZPhotoView.swift */,
				0A7496072051092B0036C6F7 /* GYZImgLeftAndTxtRightView.swift */,
				0A9DCA0D20567A4B00E841C1 /* TACommonCell.swift */,
			);
			path = View;
			sourceTree = "<group>";
		};
		0AA5C98120441CFB00768B38 = {
			isa = PBXGroup;
			children = (
				0AA5C9BB204421B500768B38 /* Classes */,
				0AA5C98C20441CFB00768B38 /* TuAi */,
				0AA5C9A120441CFB00768B38 /* TuAiTests */,
				0AA5C9AC20441CFB00768B38 /* TuAiUITests */,
				0AA5C98B20441CFB00768B38 /* Products */,
				5553F2749D4E12664AE39224 /* Pods */,
				AE0658D07AE9609DD8BE7915 /* Frameworks */,
			);
			sourceTree = "<group>";
		};
		0AA5C98B20441CFB00768B38 /* Products */ = {
			isa = PBXGroup;
			children = (
				0AA5C98A20441CFB00768B38 /* TuAi.app */,
				0AA5C99E20441CFB00768B38 /* TuAiTests.xctest */,
				0AA5C9A920441CFB00768B38 /* TuAiUITests.xctest */,
			);
			name = Products;
			sourceTree = "<group>";
		};
		0AA5C98C20441CFB00768B38 /* TuAi */ = {
			isa = PBXGroup;
			children = (
				0A17A9EF205178A9003F1E30 /* TuAi-Bridging-Header.h */,
				0AA5C98D20441CFB00768B38 /* AppDelegate.swift */,
				0AA5C98F20441CFB00768B38 /* ViewController.swift */,
				0AA5C99120441CFB00768B38 /* Main.storyboard */,
				0AA5C99420441CFB00768B38 /* Assets.xcassets */,
				0AA5C99620441CFB00768B38 /* LaunchScreen.storyboard */,
				0AA5C99920441CFB00768B38 /* Info.plist */,
			);
			path = TuAi;
			sourceTree = "<group>";
		};
		0AA5C9A120441CFB00768B38 /* TuAiTests */ = {
			isa = PBXGroup;
			children = (
				0AA5C9A220441CFB00768B38 /* TuAiTests.swift */,
				0AA5C9A420441CFB00768B38 /* Info.plist */,
			);
			path = TuAiTests;
			sourceTree = "<group>";
		};
		0AA5C9AC20441CFB00768B38 /* TuAiUITests */ = {
			isa = PBXGroup;
			children = (
				0AA5C9AD20441CFB00768B38 /* TuAiUITests.swift */,
				0AA5C9AF20441CFB00768B38 /* Info.plist */,
			);
			path = TuAiUITests;
			sourceTree = "<group>";
		};
		0AA5C9BB204421B500768B38 /* Classes */ = {
			isa = PBXGroup;
			children = (
				0A7E7047204936C5007A05BD /* Commons */,
				0AA5CA162044237E00768B38 /* Tool */,
				0AA5C9BC204421B500768B38 /* Home */,
				0AA5C9C0204421B500768B38 /* Others */,
				0AA5C9C4204421B500768B38 /* Mine */,
				0AA5C9C8204421B500768B38 /* Favourite */,
				0AA5C9CC204421B500768B38 /* Friends */,
				0AA5C9D0204421B500768B38 /* SourceDB */,
				0AA5C9D2204421B500768B38 /* Main */,
				0AA5C9D6204421B500768B38 /* Login */,
			);
			path = Classes;
			sourceTree = "<group>";
		};
		0AA5C9BC204421B500768B38 /* Home */ = {
			isa = PBXGroup;
			children = (
				0AA5C9BD204421B500768B38 /* Controller */,
				0AA5C9BE204421B500768B38 /* Model */,
				0AA5C9BF204421B500768B38 /* View */,
			);
			path = Home;
			sourceTree = "<group>";
		};
		0AA5C9BD204421B500768B38 /* Controller */ = {
			isa = PBXGroup;
			children = (
				0AA5CA742044249100768B38 /* TAHomeVC.swift */,
				0A7E703F20492BC3007A05BD /* TAHomeVideoVC.swift */,
				0A7E704120492C86007A05BD /* TAHomeJingHuaVC.swift */,
				0A7E704320492CB1007A05BD /* TAHomeCommentVC.swift */,
				0A74960F205129A80036C6F7 /* TAFuDaoVC.swift */,
				0A17A9F3205183E9003F1E30 /* TAWuDaoVC.swift */,
				0A17A9F5205185ED003F1E30 /* TALiuXueVC.swift */,
				0A17A9F7205187C5003F1E30 /* TAShuHuaVC.swift */,
				0A17A9F92051882A003F1E30 /* TATiYuVC.swift */,
				0A17A9FB205188C0003F1E30 /* TAMusicVC.swift */,
				0A17A9FD2051891B003F1E30 /* TAZaoJiaoVC.swift */,
				0A17A9FF20518961003F1E30 /* TAOtherVC.swift */,
			);
			path = Controller;
			sourceTree = "<group>";
		};
		0AA5C9BE204421B500768B38 /* Model */ = {
			isa = PBXGroup;
			children = (
				0A7E704F20493A3C007A05BD /* TAHomeFuncModel.swift */,
			);
			path = Model;
			sourceTree = "<group>";
		};
		0AA5C9BF204421B500768B38 /* View */ = {
			isa = PBXGroup;
			children = (
				0A7E70342048EFEC007A05BD /* TAHomeNavigationView.swift */,
				0A7E7045204935C4007A05BD /* TAHomeMenuCell.swift */,
				0A7E7051204945A0007A05BD /* TAJingHuaHeaderView.swift */,
				0A7E705320494A80007A05BD /* TAJingHuaCell.swift */,
				0A162AA720497F4C003AF0F9 /* TAJingHuaItemView.swift */,
				0A162AA920498E37003AF0F9 /* TAHomeVideoCell.swift */,
				0A7496032050E3CA0036C6F7 /* TACommentCell.swift */,
				0A7496092051144D0036C6F7 /* TACommentHeaderView.swift */,
				0A74960B205116C20036C6F7 /* TACommentGroupCell.swift */,
				0A74960D20511D060036C6F7 /* TACommentGroupChildCell.swift */,
				0A74961120512DD20036C6F7 /* TAFuDaoCell.swift */,
				0A17A9EA20516879003F1E30 /* TAFuDaoHeaderView.swift */,
			);
			path = View;
			sourceTree = "<group>";
		};
		0AA5C9C0204421B500768B38 /* Others */ = {
			isa = PBXGroup;
			children = (
				0AA5C9C1204421B500768B38 /* Controller */,
				0AA5C9C2204421B500768B38 /* Model */,
				0AA5C9C3204421B500768B38 /* View */,
			);
			path = Others;
			sourceTree = "<group>";
		};
		0AA5C9C1204421B500768B38 /* Controller */ = {
			isa = PBXGroup;
			children = (
				0AA5CA7C2044258B00768B38 /* TAOthersVC.swift */,
			);
			path = Controller;
			sourceTree = "<group>";
		};
		0AA5C9C2204421B500768B38 /* Model */ = {
			isa = PBXGroup;
			children = (
			);
			path = Model;
			sourceTree = "<group>";
		};
		0AA5C9C3204421B500768B38 /* View */ = {
			isa = PBXGroup;
			children = (
			);
			path = View;
			sourceTree = "<group>";
		};
		0AA5C9C4204421B500768B38 /* Mine */ = {
			isa = PBXGroup;
			children = (
				0AA5C9C5204421B500768B38 /* Controller */,
				0AA5C9C6204421B500768B38 /* Model */,
				0AA5C9C7204421B500768B38 /* View */,
			);
			path = Mine;
			sourceTree = "<group>";
		};
		0AA5C9C5204421B500768B38 /* Controller */ = {
			isa = PBXGroup;
			children = (
				0AA5CA76204424E800768B38 /* TAMineVC.swift */,
				0A4B24B3204AEBB00069BB99 /* TAMyKeChengVC.swift */,
				0A806392204D27DE001E5233 /* TAMyKeChengDetailVC.swift */,
				0A83CA51204E7E7500F0E20D /* TAMyGroupVC.swift */,
				0A83CA55204E831400F0E20D /* TAMyYouHuiVC.swift */,
				0A7772D3204FC66C00FC0065 /* TAMyBusinessVC.swift */,
				0A7495FD2050C64E0036C6F7 /* TAStudyRecordVC.swift */,
				0A9DCA0B2056792200E841C1 /* TASettingVC.swift */,
				0A9DCA112056934A00E841C1 /* TASettingAutoPlayVC.swift */,
				0A9DCA1520569AAB00E841C1 /* TAAccountAndSafeVC.swift */,
				0A9DCA172056A0F700E841C1 /* TAPwdConfirmCodeVC.swift */,
				0A4DE2732056C7080019FAAA /* TASettingPwdVC.swift */,
				0A4DE2752056CBF50019FAAA /* TAModifyPhoneVC.swift */,
				0A4DE2772056CF7B0019FAAA /* TAInputPhoneVC.swift */,
				0A4DE2792056D1ED0019FAAA /* TASettingEmailVC.swift */,
				0A4DE27D2056D3D70019FAAA /* TAInputEmailVC.swift */,
				0A4DE27F2056D76C0019FAAA /* TABindAccountVC.swift */,
				0A314868205761AE009E1986 /* TAModifyFontVC.swift */,
			);
			path = Controller;
			sourceTree = "<group>";
		};
		0AA5C9C6204421B500768B38 /* Model */ = {
			isa = PBXGroup;
			children = (
			);
			path = Model;
			sourceTree = "<group>";
		};
		0AA5C9C7204421B500768B38 /* View */ = {
			isa = PBXGroup;
			children = (
				0A7495FF2050C73F0036C6F7 /* TAStudyRecordHeaderView.swift */,
				0A4B24B1204AE4040069BB99 /* TAMineFuncCell.swift */,
				0A80638A204CF3E2001E5233 /* TAMineUserHeaderView.swift */,
				0A80638E204CF644001E5233 /* TACollectionBlankFooterView.swift */,
				0A806390204D162F001E5233 /* TAMyKeChengCell.swift */,
				0A83CA53204E805B00F0E20D /* TAMyGroupCell.swift */,
				0A83CA57204E83A900F0E20D /* TAMyYouHuiCell.swift */,
				0A7495FB2050BFFF0036C6F7 /* TAStudyProcessingCell.swift */,
				0A9DCA0F20567BD900E841C1 /* TASettingCell.swift */,
				0A9DCA132056957200E841C1 /* TASettingAuToPlayCell.swift */,
			);
			path = View;
			sourceTree = "<group>";
		};
		0AA5C9C8204421B500768B38 /* Favourite */ = {
			isa = PBXGroup;
			children = (
				0AA5C9C9204421B500768B38 /* Controller */,
				0AA5C9CA204421B500768B38 /* Model */,
				0AA5C9CB204421B500768B38 /* View */,
			);
			path = Favourite;
			sourceTree = "<group>";
		};
		0AA5C9C9204421B500768B38 /* Controller */ = {
			isa = PBXGroup;
			children = (
				0AA5CA782044251C00768B38 /* TAFavoriteVC.swift */,
				0A9A611D20526C4800B7D28D /* TAFavouriteTuWenVC.swift */,
				0A15B5F92052AFE60023D108 /* TAFavouriteVideoVC.swift */,
			);
			path = Controller;
			sourceTree = "<group>";
		};
		0AA5C9CA204421B500768B38 /* Model */ = {
			isa = PBXGroup;
			children = (
			);
			path = Model;
			sourceTree = "<group>";
		};
		0AA5C9CB204421B500768B38 /* View */ = {
			isa = PBXGroup;
			children = (
				0A9A611F20526D7800B7D28D /* TAFavouriteVideoCell.swift */,
				0A9A6121205273B200B7D28D /* TAFavouriteVideoChildCell.swift */,
			);
			path = View;
			sourceTree = "<group>";
		};
		0AA5C9CC204421B500768B38 /* Friends */ = {
			isa = PBXGroup;
			children = (
				0AA5C9CD204421B500768B38 /* Controller */,
				0AA5C9CE204421B500768B38 /* Model */,
				0AA5C9CF204421B500768B38 /* View */,
			);
			path = Friends;
			sourceTree = "<group>";
		};
		0AA5C9CD204421B500768B38 /* Controller */ = {
			isa = PBXGroup;
			children = (
				0AA5CA7A2044254F00768B38 /* TAFriendsVC.swift */,
				0A933F522058BD820082540E /* TAFriendHomeVC.swift */,
				0A933F562058F3CA0082540E /* TAScrollPageBaseVC.swift */,
				0A933F582058F4980082540E /* TAFriendHomeDynamicVC.swift */,
			);
			path = Controller;
			sourceTree = "<group>";
		};
		0AA5C9CE204421B500768B38 /* Model */ = {
			isa = PBXGroup;
			children = (
			);
			path = Model;
			sourceTree = "<group>";
		};
		0AA5C9CF204421B500768B38 /* View */ = {
			isa = PBXGroup;
			children = (
				0A31486A2057A481009E1986 /* TAFriendsHeaderView.swift */,
				0A31486C2057AF77009E1986 /* TAFriendsCell.swift */,
				0A933F542058CB8F0082540E /* TAFriendsHomeHeaderView.swift */,
			);
			path = View;
			sourceTree = "<group>";
		};
		0AA5C9D0204421B500768B38 /* SourceDB */ = {
			isa = PBXGroup;
			children = (
				0A4B24AF204ADFDA0069BB99 /* mineMenuData.plist */,
				0AA5C9D1204421B500768B38 /* menuData.plist */,
			);
			path = SourceDB;
			sourceTree = "<group>";
		};
		0AA5C9D2204421B500768B38 /* Main */ = {
			isa = PBXGroup;
			children = (
				0AA5C9D3204421B500768B38 /* GYZMainTabBarVC.swift */,
				0AA5C9D4204421B500768B38 /* GYZBaseNavigationVC.swift */,
				0AA5C9D5204421B500768B38 /* GYZBaseVC.swift */,
				0A80638C204CF57F001E5233 /* GYZBaseWhiteNavVC.swift */,
				0A9DCA09205654B000E841C1 /* TACustomTabBar.swift */,
			);
			path = Main;
			sourceTree = "<group>";
		};
		0AA5C9D6204421B500768B38 /* Login */ = {
			isa = PBXGroup;
			children = (
				0AA5C9D7204421B500768B38 /* Controller */,
				0AA5C9D9204421B500768B38 /* Model */,
				0AA5C9DA204421B500768B38 /* View */,
			);
			path = Login;
			sourceTree = "<group>";
		};
		0AA5C9D7204421B500768B38 /* Controller */ = {
			isa = PBXGroup;
			children = (
				0AA5C9D8204421B500768B38 /* GYZLoginVC.swift */,
				0A9A61192052230C00B7D28D /* TAForgetPwdVC.swift */,
			);
			path = Controller;
			sourceTree = "<group>";
		};
		0AA5C9D9204421B500768B38 /* Model */ = {
			isa = PBXGroup;
			children = (
			);
			path = Model;
			sourceTree = "<group>";
		};
		0AA5C9DA204421B500768B38 /* View */ = {
			isa = PBXGroup;
			children = (
				0AA5C9DB204421B500768B38 /* GYZLoginInputView.swift */,
			);
			path = View;
			sourceTree = "<group>";
		};
		0AA5CA162044237E00768B38 /* Tool */ = {
			isa = PBXGroup;
			children = (
				0AA5CA172044237E00768B38 /* extension */,
				0AA5CA222044237E00768B38 /* comView */,
				0AA5CA272044237E00768B38 /* 3rdLib */,
				0AA5CA442044237E00768B38 /* network */,
				0AA5CA462044237E00768B38 /* tool */,
			);
			path = Tool;
			sourceTree = "<group>";
		};
		0AA5CA172044237E00768B38 /* extension */ = {
			isa = PBXGroup;
			children = (
				0AA5CA182044237E00768B38 /* GYZUIView+Extension.swift */,
				0AA5CA192044237E00768B38 /* ETNavBarTransparent.swift */,
				0AA5CA1A2044237E00768B38 /* GYZUIButton+Extension.swift */,
				0AA5CA1B2044237E00768B38 /* GYZUIImage+Extension.swift */,
				0AA5CA1C2044237E00768B38 /* MBProgressHUD+Extension.swift */,
				0AA5CA1D2044237E00768B38 /* GYZString+Extension.swift */,
				0AA5CA1E2044237E00768B38 /* GYZUIColor+Extension.swift */,
				0AA5CA1F2044237E00768B38 /* GYZUIViewControl+Empty.swift */,
				0AA5CA202044237E00768B38 /* GYZDate+Extension.swift */,
				0AA5CA212044237E00768B38 /* GYZUIViewController+Loading.swift */,
			);
			path = extension;
			sourceTree = "<group>";
		};
		0AA5CA222044237E00768B38 /* comView */ = {
			isa = PBXGroup;
			children = (
				0AA5CA232044237E00768B38 /* GYZEmptyView.swift */,
				0AA5CA242044237E00768B38 /* AXBadgeView.swift */,
				0AA5CA252044237E00768B38 /* LHSCustomAlertView.swift */,
				0AA5CA262044237E00768B38 /* GYZLoadingView.swift */,
			);
			path = comView;
			sourceTree = "<group>";
		};
		0AA5CA272044237E00768B38 /* 3rdLib */ = {
			isa = PBXGroup;
			children = (
				0A7E70362049298A007A05BD /* ZCycleView */,
				0AA5CA282044237E00768B38 /* TagsView */,
				0AA5CA332044237E00768B38 /* IQActionSheetPickerView */,
				0AA5CA382044237E00768B38 /* QRCode */,
				0AA5CA3B2044237E00768B38 /* SheetView */,
				0AA5CA3F2044237E00768B38 /* ScrollPageView */,
			);
			path = 3rdLib;
			sourceTree = "<group>";
		};
		0AA5CA282044237E00768B38 /* TagsView */ = {
			isa = PBXGroup;
			children = (
				0AA5CA292044237E00768B38 /* HXTagCollectionViewCell.m */,
				0AA5CA2A2044237E00768B38 /* HXTagAttribute.h */,
				0AA5CA2B2044237E00768B38 /* HXTagsView.m */,
				0AA5CA2C2044237E00768B38 /* HXTagsCell.m */,
				0AA5CA2D2044237E00768B38 /* HXTagCollectionViewFlowLayout.h */,
				0AA5CA2E2044237E00768B38 /* HXTagAttribute.m */,
				0AA5CA2F2044237E00768B38 /* HXTagCollectionViewCell.h */,
				0AA5CA302044237E00768B38 /* HXTagsView.h */,
				0AA5CA312044237E00768B38 /* HXTagCollectionViewFlowLayout.m */,
				0AA5CA322044237E00768B38 /* HXTagsCell.h */,
			);
			path = TagsView;
			sourceTree = "<group>";
		};
		0AA5CA332044237E00768B38 /* IQActionSheetPickerView */ = {
			isa = PBXGroup;
			children = (
				0AA5CA342044237E00768B38 /* IQActionSheetPickerView.h */,
				0AA5CA352044237E00768B38 /* IQActionSheetViewController.h */,
				0AA5CA362044237E00768B38 /* IQActionSheetPickerView.m */,
				0AA5CA372044237E00768B38 /* IQActionSheetViewController.m */,
			);
			path = IQActionSheetPickerView;
			sourceTree = "<group>";
		};
		0AA5CA382044237E00768B38 /* QRCode */ = {
			isa = PBXGroup;
			children = (
				0AA5CA392044237E00768B38 /* GYZScanQrcodeVC.swift */,
				0AA5CA3A2044237E00768B38 /* noticeMusic.caf */,
			);
			path = QRCode;
			sourceTree = "<group>";
		};
		0AA5CA3B2044237E00768B38 /* SheetView */ = {
			isa = PBXGroup;
			children = (
				0AA5CA3C2044237E00768B38 /* GYZSheetView.swift */,
				0AA5CA3D2044237E00768B38 /* GYZActionSheet.swift */,
				0AA5CA3E2044237E00768B38 /* GYZSheetCell.swift */,
			);
			path = SheetView;
			sourceTree = "<group>";
		};
		0AA5CA3F2044237E00768B38 /* ScrollPageView */ = {
			isa = PBXGroup;
			children = (
				0AA5CA402044237E00768B38 /* SegmentStyle.swift */,
				0AA5CA412044237E00768B38 /* ScrollPageView.swift */,
				0AA5CA422044237E00768B38 /* ScrollSegmentView.swift */,
				0AA5CA432044237E00768B38 /* ContentView.swift */,
			);
			path = ScrollPageView;
			sourceTree = "<group>";
		};
		0AA5CA442044237E00768B38 /* network */ = {
			isa = PBXGroup;
			children = (
				0AA5CA452044237E00768B38 /* GYZNetWork.swift */,
			);
			path = network;
			sourceTree = "<group>";
		};
		0AA5CA462044237E00768B38 /* tool */ = {
			isa = PBXGroup;
			children = (
				0AA5CA472044237E00768B38 /* GYZUpdateVersionTool.swift */,
				0AA5CA482044237E00768B38 /* GYZLunarFormatter.swift */,
				0AA5CA492044237E00768B38 /* GYZOpenCameraPhotosTool.swift */,
				0AA5CA4A2044237E00768B38 /* GYZAlertViewTools.swift */,
				0AA5CA4B2044237E00768B38 /* GYZThrowLineTool.swift */,
				0AA5CA4C2044237E00768B38 /* GYZTool.swift */,
				0AA5CA4D2044237E00768B38 /* GYZConst.swift */,
			);
			path = tool;
			sourceTree = "<group>";
		};
		5553F2749D4E12664AE39224 /* Pods */ = {
			isa = PBXGroup;
			children = (
				DB3662EE0A7D2E6AB037A1F3 /* Pods-TuAi.debug.xcconfig */,
				D2BD2BCD508EA81957354297 /* Pods-TuAi.release.xcconfig */,
			);
			name = Pods;
			sourceTree = "<group>";
		};
		AE0658D07AE9609DD8BE7915 /* Frameworks */ = {
			isa = PBXGroup;
			children = (
				D68E02096B922CE56F4DF495 /* Pods_TuAi.framework */,
			);
			name = Frameworks;
			sourceTree = "<group>";
		};
/* End PBXGroup section */

/* Begin PBXNativeTarget section */
		0AA5C98920441CFB00768B38 /* TuAi */ = {
			isa = PBXNativeTarget;
			buildConfigurationList = 0AA5C9B220441CFB00768B38 /* Build configuration list for PBXNativeTarget "TuAi" */;
			buildPhases = (
				1BDEEA66BF3AB69F3908B2E0 /* [CP] Check Pods Manifest.lock */,
				0AA5C98620441CFB00768B38 /* Sources */,
				0AA5C98720441CFB00768B38 /* Frameworks */,
				0AA5C98820441CFB00768B38 /* Resources */,
				80AD5B7CD2CDBE63BD409CF5 /* [CP] Embed Pods Frameworks */,
				902E6462063E4B1F9A2031A7 /* [CP] Copy Pods Resources */,
			);
			buildRules = (
			);
			dependencies = (
			);
			name = TuAi;
			productName = TuAi;
			productReference = 0AA5C98A20441CFB00768B38 /* TuAi.app */;
			productType = "com.apple.product-type.application";
		};
		0AA5C99D20441CFB00768B38 /* TuAiTests */ = {
			isa = PBXNativeTarget;
			buildConfigurationList = 0AA5C9B520441CFB00768B38 /* Build configuration list for PBXNativeTarget "TuAiTests" */;
			buildPhases = (
				0AA5C99A20441CFB00768B38 /* Sources */,
				0AA5C99B20441CFB00768B38 /* Frameworks */,
				0AA5C99C20441CFB00768B38 /* Resources */,
			);
			buildRules = (
			);
			dependencies = (
				0AA5C9A020441CFB00768B38 /* PBXTargetDependency */,
			);
			name = TuAiTests;
			productName = TuAiTests;
			productReference = 0AA5C99E20441CFB00768B38 /* TuAiTests.xctest */;
			productType = "com.apple.product-type.bundle.unit-test";
		};
		0AA5C9A820441CFB00768B38 /* TuAiUITests */ = {
			isa = PBXNativeTarget;
			buildConfigurationList = 0AA5C9B820441CFB00768B38 /* Build configuration list for PBXNativeTarget "TuAiUITests" */;
			buildPhases = (
				0AA5C9A520441CFB00768B38 /* Sources */,
				0AA5C9A620441CFB00768B38 /* Frameworks */,
				0AA5C9A720441CFB00768B38 /* Resources */,
			);
			buildRules = (
			);
			dependencies = (
				0AA5C9AB20441CFB00768B38 /* PBXTargetDependency */,
			);
			name = TuAiUITests;
			productName = TuAiUITests;
			productReference = 0AA5C9A920441CFB00768B38 /* TuAiUITests.xctest */;
			productType = "com.apple.product-type.bundle.ui-testing";
		};
/* End PBXNativeTarget section */

/* Begin PBXProject section */
		0AA5C98220441CFB00768B38 /* Project object */ = {
			isa = PBXProject;
			attributes = {
				CLASSPREFIX = TA;
				LastSwiftUpdateCheck = 0920;
				LastUpgradeCheck = 0920;
				ORGANIZATIONNAME = gyz;
				TargetAttributes = {
					0AA5C98920441CFB00768B38 = {
						CreatedOnToolsVersion = 9.2;
						ProvisioningStyle = Automatic;
					};
					0AA5C99D20441CFB00768B38 = {
						CreatedOnToolsVersion = 9.2;
						ProvisioningStyle = Automatic;
						TestTargetID = 0AA5C98920441CFB00768B38;
					};
					0AA5C9A820441CFB00768B38 = {
						CreatedOnToolsVersion = 9.2;
						ProvisioningStyle = Automatic;
						TestTargetID = 0AA5C98920441CFB00768B38;
					};
				};
			};
			buildConfigurationList = 0AA5C98520441CFB00768B38 /* Build configuration list for PBXProject "TuAi" */;
			compatibilityVersion = "Xcode 8.0";
			developmentRegion = en;
			hasScannedForEncodings = 0;
			knownRegions = (
				en,
				Base,
			);
			mainGroup = 0AA5C98120441CFB00768B38;
			productRefGroup = 0AA5C98B20441CFB00768B38 /* Products */;
			projectDirPath = "";
			projectRoot = "";
			targets = (
				0AA5C98920441CFB00768B38 /* TuAi */,
				0AA5C99D20441CFB00768B38 /* TuAiTests */,
				0AA5C9A820441CFB00768B38 /* TuAiUITests */,
			);
		};
/* End PBXProject section */

/* Begin PBXResourcesBuildPhase section */
		0AA5C98820441CFB00768B38 /* Resources */ = {
			isa = PBXResourcesBuildPhase;
			buildActionMask = 2147483647;
			files = (
				0AA5C99820441CFB00768B38 /* LaunchScreen.storyboard in Resources */,
				0AA5C99520441CFB00768B38 /* Assets.xcassets in Resources */,
				0AA5C99320441CFB00768B38 /* Main.storyboard in Resources */,
				0AA5CA642044237E00768B38 /* noticeMusic.caf in Resources */,
				0A4B24B0204ADFDA0069BB99 /* mineMenuData.plist in Resources */,
				0AA5C9FA204421B500768B38 /* menuData.plist in Resources */,
			);
			runOnlyForDeploymentPostprocessing = 0;
		};
		0AA5C99C20441CFB00768B38 /* Resources */ = {
			isa = PBXResourcesBuildPhase;
			buildActionMask = 2147483647;
			files = (
			);
			runOnlyForDeploymentPostprocessing = 0;
		};
		0AA5C9A720441CFB00768B38 /* Resources */ = {
			isa = PBXResourcesBuildPhase;
			buildActionMask = 2147483647;
			files = (
			);
			runOnlyForDeploymentPostprocessing = 0;
		};
/* End PBXResourcesBuildPhase section */

/* Begin PBXShellScriptBuildPhase section */
		1BDEEA66BF3AB69F3908B2E0 /* [CP] Check Pods Manifest.lock */ = {
			isa = PBXShellScriptBuildPhase;
			buildActionMask = 2147483647;
			files = (
			);
			inputPaths = (
			);
			name = "[CP] Check Pods Manifest.lock";
			outputPaths = (
			);
			runOnlyForDeploymentPostprocessing = 0;
			shellPath = /bin/sh;
			shellScript = "diff \"${PODS_ROOT}/../Podfile.lock\" \"${PODS_ROOT}/Manifest.lock\" > /dev/null\nif [ $? != 0 ] ; then\n    # print error to STDERR\n    echo \"error: The sandbox is not in sync with the Podfile.lock. Run 'pod install' or update your CocoaPods installation.\" >&2\n    exit 1\nfi\n";
			showEnvVarsInLog = 0;
		};
		80AD5B7CD2CDBE63BD409CF5 /* [CP] Embed Pods Frameworks */ = {
			isa = PBXShellScriptBuildPhase;
			buildActionMask = 2147483647;
			files = (
			);
			inputPaths = (
			);
			name = "[CP] Embed Pods Frameworks";
			outputPaths = (
			);
			runOnlyForDeploymentPostprocessing = 0;
			shellPath = /bin/sh;
			shellScript = "\"${SRCROOT}/Pods/Target Support Files/Pods-TuAi/Pods-TuAi-frameworks.sh\"\n";
			showEnvVarsInLog = 0;
		};
		902E6462063E4B1F9A2031A7 /* [CP] Copy Pods Resources */ = {
			isa = PBXShellScriptBuildPhase;
			buildActionMask = 2147483647;
			files = (
			);
			inputPaths = (
			);
			name = "[CP] Copy Pods Resources";
			outputPaths = (
			);
			runOnlyForDeploymentPostprocessing = 0;
			shellPath = /bin/sh;
			shellScript = "\"${SRCROOT}/Pods/Target Support Files/Pods-TuAi/Pods-TuAi-resources.sh\"\n";
			showEnvVarsInLog = 0;
		};
/* End PBXShellScriptBuildPhase section */

/* Begin PBXSourcesBuildPhase section */
		0AA5C98620441CFB00768B38 /* Sources */ = {
			isa = PBXSourcesBuildPhase;
			buildActionMask = 2147483647;
			files = (
				0A74960C205116C20036C6F7 /* TACommentGroupCell.swift in Sources */,
				0A17AA0020518961003F1E30 /* TAOtherVC.swift in Sources */,
				0AA5CA672044237E00768B38 /* GYZSheetCell.swift in Sources */,
				0A17A9FA2051882A003F1E30 /* TATiYuVC.swift in Sources */,
				0A7495FC2050BFFF0036C6F7 /* TAStudyProcessingCell.swift in Sources */,
				0A7E703E2049298A007A05BD /* ZPageControl.swift in Sources */,
				0A74961220512DD20036C6F7 /* TAFuDaoCell.swift in Sources */,
				0A7496062050E5850036C6F7 /* GYZPhotoView.swift in Sources */,
				0AA5C99020441CFB00768B38 /* ViewController.swift in Sources */,
				0A7E70352048EFEC007A05BD /* TAHomeNavigationView.swift in Sources */,
				0A7496002050C73F0036C6F7 /* TAStudyRecordHeaderView.swift in Sources */,
				0A83CA56204E831400F0E20D /* TAMyYouHuiVC.swift in Sources */,
				0AA5CA592044237E00768B38 /* AXBadgeView.swift in Sources */,
				0A74960A2051144D0036C6F7 /* TACommentHeaderView.swift in Sources */,
				0A749610205129A80036C6F7 /* TAFuDaoVC.swift in Sources */,
				0A83CA58204E83A900F0E20D /* TAMyYouHuiCell.swift in Sources */,
				0A7E704220492C86007A05BD /* TAHomeJingHuaVC.swift in Sources */,
				0A4DE27A2056D1ED0019FAAA /* TASettingEmailVC.swift in Sources */,
				0A933F532058BD820082540E /* TAFriendHomeVC.swift in Sources */,
				0AA5C9FF204421B500768B38 /* GYZLoginInputView.swift in Sources */,
				0AA5CA562044237E00768B38 /* GYZDate+Extension.swift in Sources */,
				0A4DE2802056D76C0019FAAA /* TABindAccountVC.swift in Sources */,
				0AA5C9FB204421B500768B38 /* GYZMainTabBarVC.swift in Sources */,
				0A4B24B2204AE4040069BB99 /* TAMineFuncCell.swift in Sources */,
				0AA5CA532044237E00768B38 /* GYZString+Extension.swift in Sources */,
				0A9DCA1620569AAB00E841C1 /* TAAccountAndSafeVC.swift in Sources */,
				0A7E703C2049298A007A05BD /* ZCycleViewCell.swift in Sources */,
				0A4DE27E2056D3D70019FAAA /* TAInputEmailVC.swift in Sources */,
				0A9DCA0E20567A4B00E841C1 /* TACommonCell.swift in Sources */,
				0A9A6122205273B200B7D28D /* TAFavouriteVideoChildCell.swift in Sources */,
				0AA5CA5E2044237E00768B38 /* HXTagsCell.m in Sources */,
				0A9A612020526D7800B7D28D /* TAFavouriteVideoCell.swift in Sources */,
				0A80638F204CF644001E5233 /* TACollectionBlankFooterView.swift in Sources */,
				0A4DE2782056CF7B0019FAAA /* TAInputPhoneVC.swift in Sources */,
				0AA5CA722044237E00768B38 /* GYZTool.swift in Sources */,
				0AA5CA702044237E00768B38 /* GYZAlertViewTools.swift in Sources */,
				0AA5CA732044237E00768B38 /* GYZConst.swift in Sources */,
				0A80638D204CF57F001E5233 /* GYZBaseWhiteNavVC.swift in Sources */,
				0A7E7052204945A0007A05BD /* TAJingHuaHeaderView.swift in Sources */,
				0A9A611A2052230C00B7D28D /* TAForgetPwdVC.swift in Sources */,
				0A7772D6204FC79000FC0065 /* GYZLabAndFieldView.swift in Sources */,
				0AA5CA652044237E00768B38 /* GYZSheetView.swift in Sources */,
				0A7E7046204935C4007A05BD /* TAHomeMenuCell.swift in Sources */,
				0A9DCA1020567BD900E841C1 /* TASettingCell.swift in Sources */,
				0A31486D2057AF77009E1986 /* TAFriendsCell.swift in Sources */,
				0A7E704E204939E8007A05BD /* TABaseModel.swift in Sources */,
				0AA5CA752044249100768B38 /* TAHomeVC.swift in Sources */,
				0AA5CA6C2044237E00768B38 /* GYZNetWork.swift in Sources */,
				0AA5CA6E2044237E00768B38 /* GYZLunarFormatter.swift in Sources */,
				0AA5C9FC204421B500768B38 /* GYZBaseNavigationVC.swift in Sources */,
				0A162AA820497F4C003AF0F9 /* TAJingHuaItemView.swift in Sources */,
				0A17A9F6205185ED003F1E30 /* TALiuXueVC.swift in Sources */,
				0A7E704420492CB1007A05BD /* TAHomeCommentVC.swift in Sources */,
				0A4B24B4204AEBB00069BB99 /* TAMyKeChengVC.swift in Sources */,
				0A15B5FA2052AFE60023D108 /* TAFavouriteVideoVC.swift in Sources */,
				0AA5CA692044237E00768B38 /* ScrollPageView.swift in Sources */,
				0AA5CA662044237E00768B38 /* GYZActionSheet.swift in Sources */,
				0A74960E20511D060036C6F7 /* TACommentGroupChildCell.swift in Sources */,
				0AA5CA7D2044258B00768B38 /* TAOthersVC.swift in Sources */,
				0A9DCA182056A0F700E841C1 /* TAPwdConfirmCodeVC.swift in Sources */,
				0A933F572058F3CA0082540E /* TAScrollPageBaseVC.swift in Sources */,
				0A17A9FE2051891B003F1E30 /* TAZaoJiaoVC.swift in Sources */,
				0A17A9FC205188C0003F1E30 /* TAMusicVC.swift in Sources */,
				0A7E703B2049298A007A05BD /* ZCycleView.swift in Sources */,
				0A83CA54204E805B00F0E20D /* TAMyGroupCell.swift in Sources */,
				0AA5CA5C2044237E00768B38 /* HXTagCollectionViewCell.m in Sources */,
				0A80638B204CF3E2001E5233 /* TAMineUserHeaderView.swift in Sources */,
				0A162AAA20498E37003AF0F9 /* TAHomeVideoCell.swift in Sources */,
				0AA5C9FE204421B500768B38 /* GYZLoginVC.swift in Sources */,
				0AA5CA6B2044237E00768B38 /* ContentView.swift in Sources */,
				0A4DE2742056C7080019FAAA /* TASettingPwdVC.swift in Sources */,
				0A7E705420494A80007A05BD /* TAJingHuaCell.swift in Sources */,
				0AA5CA7B2044254F00768B38 /* TAFriendsVC.swift in Sources */,
				0AA5CA5A2044237E00768B38 /* LHSCustomAlertView.swift in Sources */,
				0A7496022050CD9F0036C6F7 /* TASampleTableHeaderView.swift in Sources */,
				0A31486B2057A481009E1986 /* TAFriendsHeaderView.swift in Sources */,
				0AA5CA522044237E00768B38 /* MBProgressHUD+Extension.swift in Sources */,
				0AA5CA5F2044237E00768B38 /* HXTagAttribute.m in Sources */,
				0AA5CA712044237E00768B38 /* GYZThrowLineTool.swift in Sources */,
				0AA5C9FD204421B500768B38 /* GYZBaseVC.swift in Sources */,
				0A314869205761AE009E1986 /* TAModifyFontVC.swift in Sources */,
				0A9A611E20526C4800B7D28D /* TAFavouriteTuWenVC.swift in Sources */,
				0A9DCA142056957200E841C1 /* TASettingAuToPlayCell.swift in Sources */,
				0A17A9EB20516879003F1E30 /* TAFuDaoHeaderView.swift in Sources */,
				0AA5CA542044237E00768B38 /* GYZUIColor+Extension.swift in Sources */,
				0A7772D4204FC66C00FC0065 /* TAMyBusinessVC.swift in Sources */,
				0AA5CA5D2044237E00768B38 /* HXTagsView.m in Sources */,
				0AA5CA6D2044237E00768B38 /* GYZUpdateVersionTool.swift in Sources */,
				0AA5CA682044237E00768B38 /* SegmentStyle.swift in Sources */,
				0A806393204D27DE001E5233 /* TAMyKeChengDetailVC.swift in Sources */,
				0A7495FE2050C64E0036C6F7 /* TAStudyRecordVC.swift in Sources */,
				0AA5CA632044237E00768B38 /* GYZScanQrcodeVC.swift in Sources */,
				0AA5CA502044237E00768B38 /* GYZUIButton+Extension.swift in Sources */,
				0AA5CA612044237E00768B38 /* IQActionSheetPickerView.m in Sources */,
				0AA5CA4F2044237E00768B38 /* ETNavBarTransparent.swift in Sources */,
				0A9DCA122056934B00E841C1 /* TASettingAutoPlayVC.swift in Sources */,
				0A933F592058F4980082540E /* TAFriendHomeDynamicVC.swift in Sources */,
				0A7E705020493A3C007A05BD /* TAHomeFuncModel.swift in Sources */,
				0AA5CA77204424E800768B38 /* TAMineVC.swift in Sources */,
				0AA5C98E20441CFB00768B38 /* AppDelegate.swift in Sources */,
				0A7496042050E3CA0036C6F7 /* TACommentCell.swift in Sources */,
				0A17A9F4205183E9003F1E30 /* TAWuDaoVC.swift in Sources */,
				0AA5CA792044251C00768B38 /* TAFavoriteVC.swift in Sources */,
				0AA5CA622044237E00768B38 /* IQActionSheetViewController.m in Sources */,
				0A7E704C204936E4007A05BD /* TAFuncModelView.swift in Sources */,
				0AA5CA6A2044237E00768B38 /* ScrollSegmentView.swift in Sources */,
				0A4DE2762056CBF50019FAAA /* TAModifyPhoneVC.swift in Sources */,
				0AA5CA6F2044237E00768B38 /* GYZOpenCameraPhotosTool.swift in Sources */,
				0A7E704020492BC3007A05BD /* TAHomeVideoVC.swift in Sources */,
				0A162AAE2049982B003AF0F9 /* TAImgAndTxtBtnView.swift in Sources */,
				0A7E703D2049298A007A05BD /* ZCycleLayout.swift in Sources */,
				0AA5CA602044237E00768B38 /* HXTagCollectionViewFlowLayout.m in Sources */,
				0A9DCA0C2056792200E841C1 /* TASettingVC.swift in Sources */,
				0AA5CA572044237E00768B38 /* GYZUIViewController+Loading.swift in Sources */,
				0A17A9F8205187C5003F1E30 /* TAShuHuaVC.swift in Sources */,
				0AA5CA512044237E00768B38 /* GYZUIImage+Extension.swift in Sources */,
				0A9DCA0A205654B000E841C1 /* TACustomTabBar.swift in Sources */,
				0AA5CA582044237E00768B38 /* GYZEmptyView.swift in Sources */,
				0AA5CA5B2044237E00768B38 /* GYZLoadingView.swift in Sources */,
				0AA5CA4E2044237E00768B38 /* GYZUIView+Extension.swift in Sources */,
				0A806391204D162F001E5233 /* TAMyKeChengCell.swift in Sources */,
				0AA5CA552044237E00768B38 /* GYZUIViewControl+Empty.swift in Sources */,
				0A7496082051092B0036C6F7 /* GYZImgLeftAndTxtRightView.swift in Sources */,
				0A933F552058CB8F0082540E /* TAFriendsHomeHeaderView.swift in Sources */,
				0A83CA52204E7E7500F0E20D /* TAMyGroupVC.swift in Sources */,
			);
			runOnlyForDeploymentPostprocessing = 0;
		};
		0AA5C99A20441CFB00768B38 /* Sources */ = {
			isa = PBXSourcesBuildPhase;
			buildActionMask = 2147483647;
			files = (
				0AA5C9A320441CFB00768B38 /* TuAiTests.swift in Sources */,
			);
			runOnlyForDeploymentPostprocessing = 0;
		};
		0AA5C9A520441CFB00768B38 /* Sources */ = {
			isa = PBXSourcesBuildPhase;
			buildActionMask = 2147483647;
			files = (
				0AA5C9AE20441CFB00768B38 /* TuAiUITests.swift in Sources */,
			);
			runOnlyForDeploymentPostprocessing = 0;
		};
/* End PBXSourcesBuildPhase section */

/* Begin PBXTargetDependency section */
		0AA5C9A020441CFB00768B38 /* PBXTargetDependency */ = {
			isa = PBXTargetDependency;
			target = 0AA5C98920441CFB00768B38 /* TuAi */;
			targetProxy = 0AA5C99F20441CFB00768B38 /* PBXContainerItemProxy */;
		};
		0AA5C9AB20441CFB00768B38 /* PBXTargetDependency */ = {
			isa = PBXTargetDependency;
			target = 0AA5C98920441CFB00768B38 /* TuAi */;
			targetProxy = 0AA5C9AA20441CFB00768B38 /* PBXContainerItemProxy */;
		};
/* End PBXTargetDependency section */

/* Begin PBXVariantGroup section */
		0AA5C99120441CFB00768B38 /* Main.storyboard */ = {
			isa = PBXVariantGroup;
			children = (
				0AA5C99220441CFB00768B38 /* Base */,
			);
			name = Main.storyboard;
			sourceTree = "<group>";
		};
		0AA5C99620441CFB00768B38 /* LaunchScreen.storyboard */ = {
			isa = PBXVariantGroup;
			children = (
				0AA5C99720441CFB00768B38 /* Base */,
			);
			name = LaunchScreen.storyboard;
			sourceTree = "<group>";
		};
/* End PBXVariantGroup section */

/* Begin XCBuildConfiguration section */
		0AA5C9B020441CFB00768B38 /* Debug */ = {
			isa = XCBuildConfiguration;
			buildSettings = {
				ALWAYS_SEARCH_USER_PATHS = NO;
				CLANG_ANALYZER_NONNULL = YES;
				CLANG_ANALYZER_NUMBER_OBJECT_CONVERSION = YES_AGGRESSIVE;
				CLANG_CXX_LANGUAGE_STANDARD = "gnu++14";
				CLANG_CXX_LIBRARY = "libc++";
				CLANG_ENABLE_MODULES = YES;
				CLANG_ENABLE_OBJC_ARC = YES;
				CLANG_WARN_BLOCK_CAPTURE_AUTORELEASING = YES;
				CLANG_WARN_BOOL_CONVERSION = YES;
				CLANG_WARN_COMMA = YES;
				CLANG_WARN_CONSTANT_CONVERSION = YES;
				CLANG_WARN_DIRECT_OBJC_ISA_USAGE = YES_ERROR;
				CLANG_WARN_DOCUMENTATION_COMMENTS = YES;
				CLANG_WARN_EMPTY_BODY = YES;
				CLANG_WARN_ENUM_CONVERSION = YES;
				CLANG_WARN_INFINITE_RECURSION = YES;
				CLANG_WARN_INT_CONVERSION = YES;
				CLANG_WARN_NON_LITERAL_NULL_CONVERSION = YES;
				CLANG_WARN_OBJC_LITERAL_CONVERSION = YES;
				CLANG_WARN_OBJC_ROOT_CLASS = YES_ERROR;
				CLANG_WARN_RANGE_LOOP_ANALYSIS = YES;
				CLANG_WARN_STRICT_PROTOTYPES = YES;
				CLANG_WARN_SUSPICIOUS_MOVE = YES;
				CLANG_WARN_UNGUARDED_AVAILABILITY = YES_AGGRESSIVE;
				CLANG_WARN_UNREACHABLE_CODE = YES;
				CLANG_WARN__DUPLICATE_METHOD_MATCH = YES;
				CODE_SIGN_IDENTITY = "iPhone Developer";
				COPY_PHASE_STRIP = NO;
				DEBUG_INFORMATION_FORMAT = dwarf;
				ENABLE_STRICT_OBJC_MSGSEND = YES;
				ENABLE_TESTABILITY = YES;
				GCC_C_LANGUAGE_STANDARD = gnu11;
				GCC_DYNAMIC_NO_PIC = NO;
				GCC_NO_COMMON_BLOCKS = YES;
				GCC_OPTIMIZATION_LEVEL = 0;
				GCC_PREPROCESSOR_DEFINITIONS = (
					"DEBUG=1",
					"$(inherited)",
				);
				GCC_WARN_64_TO_32_BIT_CONVERSION = YES;
				GCC_WARN_ABOUT_RETURN_TYPE = YES_ERROR;
				GCC_WARN_UNDECLARED_SELECTOR = YES;
				GCC_WARN_UNINITIALIZED_AUTOS = YES_AGGRESSIVE;
				GCC_WARN_UNUSED_FUNCTION = YES;
				GCC_WARN_UNUSED_VARIABLE = YES;
				IPHONEOS_DEPLOYMENT_TARGET = 11.2;
				MTL_ENABLE_DEBUG_INFO = YES;
				ONLY_ACTIVE_ARCH = YES;
				SDKROOT = iphoneos;
				SWIFT_ACTIVE_COMPILATION_CONDITIONS = DEBUG;
				SWIFT_OPTIMIZATION_LEVEL = "-Onone";
			};
			name = Debug;
		};
		0AA5C9B120441CFB00768B38 /* Release */ = {
			isa = XCBuildConfiguration;
			buildSettings = {
				ALWAYS_SEARCH_USER_PATHS = NO;
				CLANG_ANALYZER_NONNULL = YES;
				CLANG_ANALYZER_NUMBER_OBJECT_CONVERSION = YES_AGGRESSIVE;
				CLANG_CXX_LANGUAGE_STANDARD = "gnu++14";
				CLANG_CXX_LIBRARY = "libc++";
				CLANG_ENABLE_MODULES = YES;
				CLANG_ENABLE_OBJC_ARC = YES;
				CLANG_WARN_BLOCK_CAPTURE_AUTORELEASING = YES;
				CLANG_WARN_BOOL_CONVERSION = YES;
				CLANG_WARN_COMMA = YES;
				CLANG_WARN_CONSTANT_CONVERSION = YES;
				CLANG_WARN_DIRECT_OBJC_ISA_USAGE = YES_ERROR;
				CLANG_WARN_DOCUMENTATION_COMMENTS = YES;
				CLANG_WARN_EMPTY_BODY = YES;
				CLANG_WARN_ENUM_CONVERSION = YES;
				CLANG_WARN_INFINITE_RECURSION = YES;
				CLANG_WARN_INT_CONVERSION = YES;
				CLANG_WARN_NON_LITERAL_NULL_CONVERSION = YES;
				CLANG_WARN_OBJC_LITERAL_CONVERSION = YES;
				CLANG_WARN_OBJC_ROOT_CLASS = YES_ERROR;
				CLANG_WARN_RANGE_LOOP_ANALYSIS = YES;
				CLANG_WARN_STRICT_PROTOTYPES = YES;
				CLANG_WARN_SUSPICIOUS_MOVE = YES;
				CLANG_WARN_UNGUARDED_AVAILABILITY = YES_AGGRESSIVE;
				CLANG_WARN_UNREACHABLE_CODE = YES;
				CLANG_WARN__DUPLICATE_METHOD_MATCH = YES;
				CODE_SIGN_IDENTITY = "iPhone Developer";
				COPY_PHASE_STRIP = NO;
				DEBUG_INFORMATION_FORMAT = "dwarf-with-dsym";
				ENABLE_NS_ASSERTIONS = NO;
				ENABLE_STRICT_OBJC_MSGSEND = YES;
				GCC_C_LANGUAGE_STANDARD = gnu11;
				GCC_NO_COMMON_BLOCKS = YES;
				GCC_WARN_64_TO_32_BIT_CONVERSION = YES;
				GCC_WARN_ABOUT_RETURN_TYPE = YES_ERROR;
				GCC_WARN_UNDECLARED_SELECTOR = YES;
				GCC_WARN_UNINITIALIZED_AUTOS = YES_AGGRESSIVE;
				GCC_WARN_UNUSED_FUNCTION = YES;
				GCC_WARN_UNUSED_VARIABLE = YES;
				IPHONEOS_DEPLOYMENT_TARGET = 11.2;
				MTL_ENABLE_DEBUG_INFO = NO;
				SDKROOT = iphoneos;
				SWIFT_OPTIMIZATION_LEVEL = "-Owholemodule";
				VALIDATE_PRODUCT = YES;
			};
			name = Release;
		};
		0AA5C9B320441CFB00768B38 /* Debug */ = {
			isa = XCBuildConfiguration;
			baseConfigurationReference = DB3662EE0A7D2E6AB037A1F3 /* Pods-TuAi.debug.xcconfig */;
			buildSettings = {
				ASSETCATALOG_COMPILER_APPICON_NAME = AppIcon;
				ASSETCATALOG_COMPILER_LAUNCHIMAGE_NAME = LaunchImage;
				"CODE_SIGN_IDENTITY[sdk=iphoneos*]" = "iPhone Developer";
				CODE_SIGN_STYLE = Automatic;
				DEVELOPMENT_TEAM = WZ34FX7S74;
				INFOPLIST_FILE = TuAi/Info.plist;
				IPHONEOS_DEPLOYMENT_TARGET = 8.0;
				LD_RUNPATH_SEARCH_PATHS = "$(inherited) @executable_path/Frameworks";
				PRODUCT_BUNDLE_IDENTIFIER = com.gouyz.TuAi;
				PRODUCT_NAME = "$(TARGET_NAME)";
				PROVISIONING_PROFILE_SPECIFIER = "";
				SWIFT_OBJC_BRIDGING_HEADER = "TuAi/TuAi-Bridging-Header.h";
				SWIFT_VERSION = 4.0;
				TARGETED_DEVICE_FAMILY = 1;
			};
			name = Debug;
		};
		0AA5C9B420441CFB00768B38 /* Release */ = {
			isa = XCBuildConfiguration;
			baseConfigurationReference = D2BD2BCD508EA81957354297 /* Pods-TuAi.release.xcconfig */;
			buildSettings = {
				ASSETCATALOG_COMPILER_APPICON_NAME = AppIcon;
				ASSETCATALOG_COMPILER_LAUNCHIMAGE_NAME = LaunchImage;
				"CODE_SIGN_IDENTITY[sdk=iphoneos*]" = "iPhone Developer";
				CODE_SIGN_STYLE = Automatic;
				DEVELOPMENT_TEAM = WZ34FX7S74;
				INFOPLIST_FILE = TuAi/Info.plist;
				IPHONEOS_DEPLOYMENT_TARGET = 8.0;
				LD_RUNPATH_SEARCH_PATHS = "$(inherited) @executable_path/Frameworks";
				PRODUCT_BUNDLE_IDENTIFIER = com.gouyz.TuAi;
				PRODUCT_NAME = "$(TARGET_NAME)";
				PROVISIONING_PROFILE_SPECIFIER = "";
				SWIFT_OBJC_BRIDGING_HEADER = "TuAi/TuAi-Bridging-Header.h";
				SWIFT_VERSION = 4.0;
				TARGETED_DEVICE_FAMILY = 1;
			};
			name = Release;
		};
		0AA5C9B620441CFB00768B38 /* Debug */ = {
			isa = XCBuildConfiguration;
			buildSettings = {
				ALWAYS_EMBED_SWIFT_STANDARD_LIBRARIES = YES;
				BUNDLE_LOADER = "$(TEST_HOST)";
				CODE_SIGN_STYLE = Automatic;
				DEVELOPMENT_TEAM = FPA9N9SK5A;
				INFOPLIST_FILE = TuAiTests/Info.plist;
				LD_RUNPATH_SEARCH_PATHS = "$(inherited) @executable_path/Frameworks @loader_path/Frameworks";
				PRODUCT_BUNDLE_IDENTIFIER = com.gouyz.TuAiTests;
				PRODUCT_NAME = "$(TARGET_NAME)";
				SWIFT_VERSION = 4.0;
				TARGETED_DEVICE_FAMILY = "1,2";
				TEST_HOST = "$(BUILT_PRODUCTS_DIR)/TuAi.app/TuAi";
			};
			name = Debug;
		};
		0AA5C9B720441CFB00768B38 /* Release */ = {
			isa = XCBuildConfiguration;
			buildSettings = {
				ALWAYS_EMBED_SWIFT_STANDARD_LIBRARIES = YES;
				BUNDLE_LOADER = "$(TEST_HOST)";
				CODE_SIGN_STYLE = Automatic;
				DEVELOPMENT_TEAM = FPA9N9SK5A;
				INFOPLIST_FILE = TuAiTests/Info.plist;
				LD_RUNPATH_SEARCH_PATHS = "$(inherited) @executable_path/Frameworks @loader_path/Frameworks";
				PRODUCT_BUNDLE_IDENTIFIER = com.gouyz.TuAiTests;
				PRODUCT_NAME = "$(TARGET_NAME)";
				SWIFT_VERSION = 4.0;
				TARGETED_DEVICE_FAMILY = "1,2";
				TEST_HOST = "$(BUILT_PRODUCTS_DIR)/TuAi.app/TuAi";
			};
			name = Release;
		};
		0AA5C9B920441CFB00768B38 /* Debug */ = {
			isa = XCBuildConfiguration;
			buildSettings = {
				ALWAYS_EMBED_SWIFT_STANDARD_LIBRARIES = YES;
				CODE_SIGN_STYLE = Automatic;
				DEVELOPMENT_TEAM = FPA9N9SK5A;
				INFOPLIST_FILE = TuAiUITests/Info.plist;
				LD_RUNPATH_SEARCH_PATHS = "$(inherited) @executable_path/Frameworks @loader_path/Frameworks";
				PRODUCT_BUNDLE_IDENTIFIER = com.gouyz.TuAiUITests;
				PRODUCT_NAME = "$(TARGET_NAME)";
				SWIFT_VERSION = 4.0;
				TARGETED_DEVICE_FAMILY = "1,2";
				TEST_TARGET_NAME = TuAi;
			};
			name = Debug;
		};
		0AA5C9BA20441CFB00768B38 /* Release */ = {
			isa = XCBuildConfiguration;
			buildSettings = {
				ALWAYS_EMBED_SWIFT_STANDARD_LIBRARIES = YES;
				CODE_SIGN_STYLE = Automatic;
				DEVELOPMENT_TEAM = FPA9N9SK5A;
				INFOPLIST_FILE = TuAiUITests/Info.plist;
				LD_RUNPATH_SEARCH_PATHS = "$(inherited) @executable_path/Frameworks @loader_path/Frameworks";
				PRODUCT_BUNDLE_IDENTIFIER = com.gouyz.TuAiUITests;
				PRODUCT_NAME = "$(TARGET_NAME)";
				SWIFT_VERSION = 4.0;
				TARGETED_DEVICE_FAMILY = "1,2";
				TEST_TARGET_NAME = TuAi;
			};
			name = Release;
		};
/* End XCBuildConfiguration section */

/* Begin XCConfigurationList section */
		0AA5C98520441CFB00768B38 /* Build configuration list for PBXProject "TuAi" */ = {
			isa = XCConfigurationList;
			buildConfigurations = (
				0AA5C9B020441CFB00768B38 /* Debug */,
				0AA5C9B120441CFB00768B38 /* Release */,
			);
			defaultConfigurationIsVisible = 0;
			defaultConfigurationName = Release;
		};
		0AA5C9B220441CFB00768B38 /* Build configuration list for PBXNativeTarget "TuAi" */ = {
			isa = XCConfigurationList;
			buildConfigurations = (
				0AA5C9B320441CFB00768B38 /* Debug */,
				0AA5C9B420441CFB00768B38 /* Release */,
			);
			defaultConfigurationIsVisible = 0;
			defaultConfigurationName = Release;
		};
		0AA5C9B520441CFB00768B38 /* Build configuration list for PBXNativeTarget "TuAiTests" */ = {
			isa = XCConfigurationList;
			buildConfigurations = (
				0AA5C9B620441CFB00768B38 /* Debug */,
				0AA5C9B720441CFB00768B38 /* Release */,
			);
			defaultConfigurationIsVisible = 0;
			defaultConfigurationName = Release;
		};
		0AA5C9B820441CFB00768B38 /* Build configuration list for PBXNativeTarget "TuAiUITests" */ = {
			isa = XCConfigurationList;
			buildConfigurations = (
				0AA5C9B920441CFB00768B38 /* Debug */,
				0AA5C9BA20441CFB00768B38 /* Release */,
			);
			defaultConfigurationIsVisible = 0;
			defaultConfigurationName = Release;
		};
/* End XCConfigurationList section */
	};
	rootObject = 0AA5C98220441CFB00768B38 /* Project object */;
}
